
Microsoft Visual Studio Solution File, Format Version 12.00
# Visual Studio Version 17
VisualStudioVersion = 17.4.33103.184
MinimumVisualStudioVersion = 10.0.40219.1
Project("{2150E333-8FDC-42A3-9474-1A3956D46DE8}") = "C Sharp 11", "C Sharp 11", "{61FA97CD-7F4E-40CD-A462-F74C157568D6}"
EndProject
Project("{2150E333-8FDC-42A3-9474-1A3956D46DE8}") = "Generic Math", "Generic Math", "{243312F5-C069-441F-8CA0-0B2533582ED4}"
EndProject
Project("{9A19103F-16F7-4668-BE54-9A1E7A4F7556}") = "GenericMathLibrary", "GenericMathLibrary\GenericMathLibrary.csproj", "{0D6E5ACA-1F9E-4E46-A4DF-B9C9E32DA9DD}"
EndProject
Project("{9A19103F-16F7-4668-BE54-9A1E7A4F7556}") = "GenericMathConsoleApp", "GenericMathConsoleApp\GenericMathConsoleApp.csproj", "{C29548A0-5BE7-4AB1-B720-4EF833CCEBE3}"
EndProject
Project("{9A19103F-16F7-4668-BE54-9A1E7A4F7556}") = "RawStringLiteralsApp", "RawStringLiteralsApp\RawStringLiteralsApp.csproj", "{C1B1F912-018C-474D-905E-4ED2266EACE6}"
EndProject
Project("{9A19103F-16F7-4668-BE54-9A1E7A4F7556}") = "ListPatternApp", "ListPatternApp\ListPatternApp.csproj", "{68EFDAB6-8E90-4176-9168-CFDF8FE0687E}"
EndProject
Project("{2150E333-8FDC-42A3-9474-1A3956D46DE8}") = "Solution Items", "Solution Items", "{217BD5BF-EE8D-4A66-81B5-B30F04DF7BF8}"
	ProjectSection(SolutionItems) = preProject
		January24Challenge.md = January24Challenge.md
		January26Challenge.md = January26Challenge.md
		readme.md = readme.md
		scriptsDump.sql = scriptsDump.sql
	EndProjectSection
EndProject
Project("{2150E333-8FDC-42A3-9474-1A3956D46DE8}") = "EF Core 7", "EF Core 7", "{10AEF144-7A48-4915-B3FB-E0DC948F6FBC}"
EndProject
Project("{9A19103F-16F7-4668-BE54-9A1E7A4F7556}") = "ExecuteUpdateSample", "ExecuteUpdateSample\ExecuteUpdateSample.csproj", "{24A03651-2A7F-4D14-95DF-84E1B302E4C1}"
EndProject
Project("{9A19103F-16F7-4668-BE54-9A1E7A4F7556}") = "ExecuteDeleteSample", "ExecuteDeleteSample\ExecuteDeleteSample.csproj", "{BAA082ED-6F89-4912-9B5C-55FD604EB1E7}"
EndProject
Project("{9A19103F-16F7-4668-BE54-9A1E7A4F7556}") = "IMaterializationInterceptorSample", "IMaterializationInterceptorSample\IMaterializationInterceptorSample.csproj", "{60106EFA-66D8-4913-82CE-30A932211AC1}"
EndProject
Project("{9A19103F-16F7-4668-BE54-9A1E7A4F7556}") = "ConnectingToDatabase", "ConnectingToDatabase\ConnectingToDatabase.csproj", "{6D5A81DA-C0F9-4327-97EF-2EEFFC3742BF}"
EndProject
Project("{9A19103F-16F7-4668-BE54-9A1E7A4F7556}") = "GetStartedWinForms", "GetStartedWinForms\GetStartedWinForms.csproj", "{C13296AF-C022-4EC0-B6A2-EFBAC1C70B62}"
EndProject
Project("{9A19103F-16F7-4668-BE54-9A1E7A4F7556}") = "TableSplittingSample", "TableSplittingSample\TableSplittingSample.csproj", "{78B68D3B-62A6-4616-AA91-BA4D706BDA1B}"
EndProject
Project("{2150E333-8FDC-42A3-9474-1A3956D46DE8}") = "Raw string literals", "Raw string literals", "{028D20E0-FAF3-4052-B29D-6CB71C4AE75C}"
EndProject
Project("{9A19103F-16F7-4668-BE54-9A1E7A4F7556}") = "JsonExample", "RawStringLiteralsJsonExample\JsonExample.csproj", "{DBE34C6E-3C13-4728-B3E3-67C3B77D076D}"
EndProject
Project("{9A19103F-16F7-4668-BE54-9A1E7A4F7556}") = "NumericMethodsApp", "NumericMethodsApp\NumericMethodsApp.csproj", "{02916515-F7D7-4642-BB09-236BBC579424}"
EndProject
Project("{2150E333-8FDC-42A3-9474-1A3956D46DE8}") = "Number methods", "Number methods", "{0D49C4FB-58AD-4B34-AD63-871A4385A417}"
EndProject
Project("{9A19103F-16F7-4668-BE54-9A1E7A4F7556}") = "GenericMathListPatternConsoleApp", "GenericMathListPatternConsoleApp\GenericMathListPatternConsoleApp.csproj", "{F7F31F75-ED57-496D-8029-D810C9D65F7D}"
EndProject
Project("{2150E333-8FDC-42A3-9474-1A3956D46DE8}") = "EF Core 8", "EF Core 8", "{D9B3C6E1-5277-46E0-805E-28CF43F63519}"
EndProject
Project("{9A19103F-16F7-4668-BE54-9A1E7A4F7556}") = "NorthWind2023App", "NorthWind2023App\NorthWind2023App.csproj", "{5DFD083D-A56C-414A-BB3A-740FEDADC993}"
EndProject
Project("{9A19103F-16F7-4668-BE54-9A1E7A4F7556}") = "NorthWind2023Library", "NorthWind2023Library\NorthWind2023Library.csproj", "{1C9D9872-F79C-4EF5-9BD4-02DB2158E2E1}"
EndProject
Project("{9A19103F-16F7-4668-BE54-9A1E7A4F7556}") = "KP_ConsoleAppNet8", "KP_ConsoleAppNet8\KP_ConsoleAppNet8.csproj", "{86859C1D-2977-4790-B0E6-D157599DD086}"
EndProject
Project("{9A19103F-16F7-4668-BE54-9A1E7A4F7556}") = "ComplexTypesSampleApp", "ComplexTypesSampleApp\ComplexTypesSampleApp.csproj", "{F6A84FA8-A530-4500-8FFF-5DD2DE0B00B1}"
EndProject
Project("{2150E333-8FDC-42A3-9474-1A3956D46DE8}") = "C Sharp 12", "C Sharp 12", "{9C87C710-B3B5-442B-AC04-6572C2E0B5A9}"
EndProject
Project("{9A19103F-16F7-4668-BE54-9A1E7A4F7556}") = "UsingAliasExample", "UsingAliasExample\UsingAliasExample.csproj", "{0EBB57A8-1D5F-4C87-BFA6-A8EFAC9CA2E3}"
EndProject
Project("{9A19103F-16F7-4668-BE54-9A1E7A4F7556}") = "TimeApp", "TimeApp\TimeApp.csproj", "{99349981-32F6-4BC9-B7E1-B3CD53267C81}"
EndProject
Project("{9A19103F-16F7-4668-BE54-9A1E7A4F7556}") = "NaturalSortApp", "NaturalSortApp\NaturalSortApp.csproj", "{2DB259C0-0D8F-4502-A8C8-05A43DDA716A}"
EndProject
Project("{9A19103F-16F7-4668-BE54-9A1E7A4F7556}") = "CollectionExpressionsApp", "CollectionExpressionsApp\CollectionExpressionsApp.csproj", "{F8B0C3B6-93F0-4A72-BE9A-EE1A8EEDFA95}"
EndProject
Project("{9A19103F-16F7-4668-BE54-9A1E7A4F7556}") = "DumpifySample", "DumpifySample\DumpifySample.csproj", "{A034CAB3-E917-4FFC-9E81-CB5CB2E62F56}"
EndProject
Project("{2150E333-8FDC-42A3-9474-1A3956D46DE8}") = "C Sharp 10", "C Sharp 10", "{D0FF38BA-446C-4158-BC0C-133DB29382BF}"
EndProject
Project("{9A19103F-16F7-4668-BE54-9A1E7A4F7556}") = "PatternMatchingApp1", "PatternMatchingApp1\PatternMatchingApp1.csproj", "{D67C1DFC-835E-49A7-8C84-F641100480B6}"
EndProject
Project("{9A19103F-16F7-4668-BE54-9A1E7A4F7556}") = "AutoIncrementApp", "AutoIncrementApp\AutoIncrementApp.csproj", "{FA5EC9A1-2B9A-40DB-9078-9DB9592F9359}"
EndProject
Project("{2150E333-8FDC-42A3-9474-1A3956D46DE8}") = "AutoIncrement code", "AutoIncrement code", "{7C9FF527-80B9-4926-83FE-8C3A00DF66F8}"
EndProject
Project("{9A19103F-16F7-4668-BE54-9A1E7A4F7556}") = "AutoIncrementLibrary", "AutoIncrementLibrary\AutoIncrementLibrary.csproj", "{8F0A109B-F126-4344-B276-5EB4B819E283}"
EndProject
Project("{2150E333-8FDC-42A3-9474-1A3956D46DE8}") = "WIP", "WIP", "{4DAEB9D7-1A3E-408F-A464-6DB6445DC55B}"
EndProject
Project("{9A19103F-16F7-4668-BE54-9A1E7A4F7556}") = "WinFormsApp1", "WinFormsApp1\WinFormsApp1.csproj", "{64ED8F47-D39D-4A35-8624-9E97E3CD6790}"
EndProject
Project("{9A19103F-16F7-4668-BE54-9A1E7A4F7556}") = "RandomSharedApp", "RandomSharedApp\RandomSharedApp.csproj", "{A1ED8EFB-E11D-48CD-B513-B963048DEAD8}"
EndProject
Project("{9A19103F-16F7-4668-BE54-9A1E7A4F7556}") = "EnumHasConversion", "enum-has-conversion\EnumHasConversion.csproj", "{BA9C66D7-B869-4382-A6E1-1F8F42470247}"
EndProject
Project("{2150E333-8FDC-42A3-9474-1A3956D46DE8}") = "Class projects", "Class projects", "{1E26AC20-E60A-4101-B8F1-36C768FB57C1}"
EndProject
Project("{9A19103F-16F7-4668-BE54-9A1E7A4F7556}") = "InterceptorLibrary", "InterceptorLibrary\InterceptorLibrary.csproj", "{AE99AE2D-5CAA-408B-BDE5-F76019FDC0B5}"
EndProject
Project("{9A19103F-16F7-4668-BE54-9A1E7A4F7556}") = "AuditInterceptorSampleApp", "AuditInterceptorSampleApp\AuditInterceptorSampleApp.csproj", "{3EE50305-8FB9-42AC-AC67-8F171D57ED08}"
EndProject
Project("{9A19103F-16F7-4668-BE54-9A1E7A4F7556}") = "ComparableLibrary", "ComparableLibrary\ComparableLibrary.csproj", "{1C74E8AD-3848-4AD1-ADFA-D4A3AF5E12FC}"
EndProject
Project("{9A19103F-16F7-4668-BE54-9A1E7A4F7556}") = "IComparableApp", "IComparableApp\IComparableApp.csproj", "{04806FB2-0E92-4EF0-9899-9C37E9E8F0D5}"
EndProject
Project("{9A19103F-16F7-4668-BE54-9A1E7A4F7556}") = "AliasTypesApp", "AliasTypesApp\AliasTypesApp.csproj", "{0F4B15BD-8773-4B44-83CF-541788D74F68}"
EndProject
Project("{9A19103F-16F7-4668-BE54-9A1E7A4F7556}") = "CommaDelimitedStringCollectionSampleApp", "CommaDelimitedStringCollectionSampleApp\CommaDelimitedStringCollectionSampleApp.csproj", "{F5ACA45D-B37D-48AB-824D-8D29C47709F8}"
EndProject
Project("{9A19103F-16F7-4668-BE54-9A1E7A4F7556}") = "TestProject1", "TestProject1\TestProject1.csproj", "{78C0C1C7-45EF-4B84-97B6-97CEE6529AA9}"
EndProject
Project("{2150E333-8FDC-42A3-9474-1A3956D46DE8}") = "Bogus", "Bogus", "{A608E77D-FB64-4276-9FFD-E8D9DC7E7E42}"
EndProject
Project("{9A19103F-16F7-4668-BE54-9A1E7A4F7556}") = "BogusExtendedApp", "BogusExtendedApp\BogusExtendedApp.csproj", "{7760BC12-5CD9-4ED2-A37E-3560DB8F819B}"
EndProject
Project("{2150E333-8FDC-42A3-9474-1A3956D46DE8}") = "Class projects", "Class projects", "{029E9138-5B3A-41A8-9818-EE6A74F61EDD}"
EndProject
Project("{9A19103F-16F7-4668-BE54-9A1E7A4F7556}") = "DialogsCoreLibrary", "DialogsCoreLibrary\DialogsCoreLibrary.csproj", "{D9A82305-8362-41EB-8718-51A8C7EF1206}"
EndProject
Project("{9A19103F-16F7-4668-BE54-9A1E7A4F7556}") = "DialogsSamples", "DialogsSamples\DialogsSamples.csproj", "{420C9772-CABC-471F-95EC-B9830DC6DCA8}"
EndProject
Project("{2150E333-8FDC-42A3-9474-1A3956D46DE8}") = "Framework 4.8", "Framework 4.8", "{E882D755-CF06-4E43-9D5F-D1C26AEE30A8}"
EndProject
Project("{FAE04EC0-301F-11D3-BF4B-00C04F79EFBC}") = "DapperSimpleApp", "DapperSimpleApp\DapperSimpleApp.csproj", "{45C54B67-6789-4A1B-ADAD-BE06E0E0A65C}"
EndProject
Project("{9A19103F-16F7-4668-BE54-9A1E7A4F7556}") = "PrimaryConstructorIComparerApp", "PrimaryConstructorIComparerApp\PrimaryConstructorIComparerApp.csproj", "{70C959DA-94DF-418E-812D-7D79054C1F0B}"
EndProject
Project("{9A19103F-16F7-4668-BE54-9A1E7A4F7556}") = "DiagnosticsGuardSampleApp", "DiagnosticsGuardSampleApp\DiagnosticsGuardSampleApp.csproj", "{087C688F-2DBC-4243-8693-288DAA6F8A0B}"
EndProject
Project("{9A19103F-16F7-4668-BE54-9A1E7A4F7556}") = "ValidatorsApp", "ValidatorsApp\ValidatorsApp.csproj", "{9F2A1526-555B-46CF-85F4-514F97C65936}"
EndProject
Project("{9A19103F-16F7-4668-BE54-9A1E7A4F7556}") = "DapperSqlServerToJsonApp", "DapperSqlServerToJsonApp\DapperSqlServerToJsonApp.csproj", "{B0B40BB9-2B14-4A2C-9104-7DCED8A84EE7}"
EndProject
Project("{2150E333-8FDC-42A3-9474-1A3956D46DE8}") = "Bogus", "Bogus", "{55E0C874-7DF3-47D3-84F2-4C4D347DC0E6}"
EndProject
Project("{9A19103F-16F7-4668-BE54-9A1E7A4F7556}") = "BogusProperGenderApp", "BogusProperGenderApp\BogusProperGenderApp.csproj", "{FD0B1C67-A55C-41B7-B80B-BE76A452FBDC}"
EndProject
Project("{9A19103F-16F7-4668-BE54-9A1E7A4F7556}") = "ForEachIndexerApp", "ForEachIndexerApp\ForEachIndexerApp.csproj", "{A67181B2-525F-4F06-8C19-6590CB8BEB90}"
EndProject
Project("{9A19103F-16F7-4668-BE54-9A1E7A4F7556}") = "CloneRecordApp", "CloneRecordApp\CloneRecordApp.csproj", "{64F978B3-C71E-42F0-B69B-C0A7FD29D760}"
EndProject
Project("{9A19103F-16F7-4668-BE54-9A1E7A4F7556}") = "SimulateFileReadApp", "SimulateFileReadApp\SimulateFileReadApp.csproj", "{20B657D8-84E9-4664-94D0-3C6087BB18AC}"
EndProject
Project("{9A19103F-16F7-4668-BE54-9A1E7A4F7556}") = "GenericMath12", "GenericMath12\GenericMath12.csproj", "{F9B349B8-5CC5-4695-993A-825975577269}"
EndProject
Project("{9A19103F-16F7-4668-BE54-9A1E7A4F7556}") = "PeriodicTimerApp", "PeriodicTimerApp\PeriodicTimerApp.csproj", "{96C52CC7-9E83-4C6A-A9B7-A926E5746729}"
EndProject
Project("{2150E333-8FDC-42A3-9474-1A3956D46DE8}") = "PeriodicTimers", "PeriodicTimers", "{967F1798-B1C1-401E-AF43-5480EB693ADF}"
EndProject
Project("{9A19103F-16F7-4668-BE54-9A1E7A4F7556}") = "PeriodicTimerWebApp", "PeriodicTimerWebApp\PeriodicTimerWebApp.csproj", "{958161CB-B2A3-41CA-9BE3-27F271B95CC7}"
EndProject
Project("{9A19103F-16F7-4668-BE54-9A1E7A4F7556}") = "WinFormsApp2", "WinFormsApp2\WinFormsApp2.csproj", "{CA6C9341-71B2-44FB-B768-9AD8384929E6}"
EndProject
Project("{9A19103F-16F7-4668-BE54-9A1E7A4F7556}") = "StringSyntaxAttributeExampleApp", "StringSyntaxAttributeExampleApp\StringSyntaxAttributeExampleApp.csproj", "{29441B11-C997-4C1B-BEE8-AF62122E37DD}"
EndProject
Project("{9A19103F-16F7-4668-BE54-9A1E7A4F7556}") = "GitHubCopilotPlayground", "GitHubCopilotPlayground\GitHubCopilotPlayground.csproj", "{12FA95DC-6BE1-4235-8140-5961EA425F95}"
EndProject
Project("{9A19103F-16F7-4668-BE54-9A1E7A4F7556}") = "SqlDataReaderDateOnlyTimeOnlySample", "SqlDataReaderDateOnlyTimeOnlySample\SqlDataReaderDateOnlyTimeOnlySample.csproj", "{2E34DC8C-C886-400F-88F7-BE09F330760D}"
EndProject
Project("{9A19103F-16F7-4668-BE54-9A1E7A4F7556}") = "NameOfSpecialSample", "NameOfSpecialSample\NameOfSpecialSample.csproj", "{B7CFED29-2DA1-45DA-9542-C0FC211696BA}"
EndProject
Project("{9A19103F-16F7-4668-BE54-9A1E7A4F7556}") = "BogusProperGenderEntityApp", "BogusProperGenderEntityApp\BogusProperGenderEntityApp.csproj", "{50DCA3E2-04E5-479C-B465-D3F9EF620B43}"
EndProject
Project("{9A19103F-16F7-4668-BE54-9A1E7A4F7556}") = "ForEachIndexing", "ForEachIndexing\ForEachIndexing.csproj", "{FAA0EB68-3988-489D-8651-25172D203540}"
EndProject
Project("{9A19103F-16F7-4668-BE54-9A1E7A4F7556}") = "BogusTemp", "BogusTemp\BogusTemp.csproj", "{BEF98E4D-CE3E-4984-BFD1-335139B36BA4}"
EndProject
Project("{9A19103F-16F7-4668-BE54-9A1E7A4F7556}") = "ISetSamples", "ISetSamples\ISetSamples.csproj", "{D3B7ADF0-712A-4A14-943C-5F011F1BF039}"
EndProject
Project("{9A19103F-16F7-4668-BE54-9A1E7A4F7556}") = "FormattableStringSamples", "FormattableStringSamples\FormattableStringSamples.csproj", "{5C9462B4-CF12-4A53-AC2F-BA0B4488F4F9}"
EndProject
Project("{2150E333-8FDC-42A3-9474-1A3956D46DE8}") = "Format Samples", "Format Samples", "{40E8F81F-A80D-497D-BDC0-980F8FB44584}"
EndProject
Project("{9A19103F-16F7-4668-BE54-9A1E7A4F7556}") = "StringSyntaxWithEntityFrameworkCore", "StringSyntaxWithEntityFrameworkCore\StringSyntaxWithEntityFrameworkCore.csproj", "{A2521A1F-B551-4C4B-B68F-356A92285779}"
EndProject
Project("{9A19103F-16F7-4668-BE54-9A1E7A4F7556}") = "OperatorSamples", "OperatorSamples\OperatorSamples.csproj", "{6ED41173-E529-4D6D-92D5-0B29DE76ABAC}"
EndProject
Project("{9A19103F-16F7-4668-BE54-9A1E7A4F7556}") = "PropertyChangedApp1", "PropertyChangedApp1\PropertyChangedApp1.csproj", "{71AA5123-A9AC-4619-B3D5-5849D51BB7E0}"
EndProject
Project("{2150E333-8FDC-42A3-9474-1A3956D46DE8}") = "Property Changed", "Property Changed", "{C1AAFC6E-74BF-4109-BD4E-F998C9B9436E}"
EndProject
Project("{2150E333-8FDC-42A3-9474-1A3956D46DE8}") = "AI", "AI", "{D3E69539-F5C7-4A93-B500-A961DD3072C0}"
EndProject
Project("{9A19103F-16F7-4668-BE54-9A1E7A4F7556}") = "GenerativeLibrary", "GenerativeLibrary\GenerativeLibrary.csproj", "{6A43EB47-617B-46F5-9FD5-1C822D2AC54D}"
EndProject
Project("{9A19103F-16F7-4668-BE54-9A1E7A4F7556}") = "GenerativeApp", "GenerativeApp\GenerativeApp.csproj", "{D94F2D0F-715C-4908-9948-383A08BDA1AB}"
EndProject
Project("{2150E333-8FDC-42A3-9474-1A3956D46DE8}") = "Project templates", "Project templates", "{5CBA5D1A-6340-46FE-9449-2C743F5D6D40}"
EndProject
Project("{2150E333-8FDC-42A3-9474-1A3956D46DE8}") = "Copilot", "Copilot", "{ECA3F39A-6974-4992-B86F-E3240912EAC1}"
EndProject
Project("{9A19103F-16F7-4668-BE54-9A1E7A4F7556}") = "ReadPeopleWithCopilotChatDemo", "ReadPeopleWithCopilotChatDemo\ReadPeopleWithCopilotChatDemo.csproj", "{B62BDECC-6D28-440F-8351-EB13576615EA}"
EndProject
Project("{2150E333-8FDC-42A3-9474-1A3956D46DE8}") = "Noda-Time", "Noda-Time", "{4B7A6364-D3FE-4FB5-BC8C-2EFCC0310E7D}"
EndProject
Project("{9A19103F-16F7-4668-BE54-9A1E7A4F7556}") = "NodaTimeLibrary", "NodaTimeLibrary\NodaTimeLibrary.csproj", "{E94AAF3C-F704-454E-AC5A-021D23627507}"
EndProject
Project("{9A19103F-16F7-4668-BE54-9A1E7A4F7556}") = "NodaTimeDemoApp", "NodaTimeDemoApp\NodaTimeDemoApp.csproj", "{BF699A51-A363-4F20-A741-ABE88C9B5BFA}"
EndProject
Project("{9A19103F-16F7-4668-BE54-9A1E7A4F7556}") = "NewsApiApp", "NewsApiApp\NewsApiApp.csproj", "{23283CCA-215B-454F-BB4E-AF9627A1DB37}"
EndProject
Project("{2150E333-8FDC-42A3-9474-1A3956D46DE8}") = "Forum roaming", "Forum roaming", "{39BCE539-6CF6-4B12-BBF8-74D8139F6BCB}"
EndProject
Project("{9A19103F-16F7-4668-BE54-9A1E7A4F7556}") = "ExpressionTreesApp", "ExpressionTreesApp\ExpressionTreesApp.csproj", "{990E6504-9172-4117-A17C-E55A7C3CA23A}"
EndProject
Project("{2150E333-8FDC-42A3-9474-1A3956D46DE8}") = "0000", "0000", "{75093408-3A12-4CFB-96C9-3D2562726F97}"
EndProject
Project("{9A19103F-16F7-4668-BE54-9A1E7A4F7556}") = "TablesToDivs", "TablesToDivs\TablesToDivs.csproj", "{AF3F0108-BFC1-48A4-BB4F-6CD478752640}"
EndProject
Project("{2150E333-8FDC-42A3-9474-1A3956D46DE8}") = "IComparable Code", "IComparable Code", "{D14BE71D-7E4E-4928-8295-0D3E840CF74A}"
EndProject
Project("{9A19103F-16F7-4668-BE54-9A1E7A4F7556}") = "FormattableStringEmailSample", "FormattableStringEmailSample\FormattableStringEmailSample.csproj", "{BFBFD3C5-1D83-4412-AC22-F3F682CF5DBE}"
EndProject
Project("{2150E333-8FDC-42A3-9474-1A3956D46DE8}") = "GeneratedRegex", "GeneratedRegex", "{B7FE4658-0752-4B33-ADEB-12EE716738E7}"
EndProject
Project("{9A19103F-16F7-4668-BE54-9A1E7A4F7556}") = "GeneratedRegexSamplesApp", "GeneratedRegexSamplesApp\GeneratedRegexSamplesApp.csproj", "{43B393DF-631E-46FD-B86E-13CE37CA0515}"
EndProject
Project("{2150E333-8FDC-42A3-9474-1A3956D46DE8}") = "Features", "Features", "{A756ED80-9B88-4CF7-AD42-6A65A3FFF445}"
EndProject
Project("{2150E333-8FDC-42A3-9474-1A3956D46DE8}") = "Other", "Other", "{9D6397F3-5688-452C-AC4D-AEC69A4CF0CE}"
EndProject
Project("{9A19103F-16F7-4668-BE54-9A1E7A4F7556}") = "FormattableSamples", "FormattableSamples\FormattableSamples.csproj", "{E0004DE0-EBF7-4DDB-9C4B-4DBD97464899}"
EndProject
Project("{9A19103F-16F7-4668-BE54-9A1E7A4F7556}") = "FindInterfaces", "FindInterfaces\FindInterfaces.csproj", "{C9E45077-4EB0-4E87-B2A1-4D715E61E0D1}"
EndProject
Project("{9A19103F-16F7-4668-BE54-9A1E7A4F7556}") = "RemoveExtraSpacesApp", "RemoveExtraSpacesApp\RemoveExtraSpacesApp.csproj", "{F2F09B5D-96CC-4556-A889-338F5CF90B3B}"
EndProject
Project("{9A19103F-16F7-4668-BE54-9A1E7A4F7556}") = "IProgressApp", "IProgressApp\IProgressApp.csproj", "{B271DB68-7F17-4F46-AF0B-5E9596577F08}"
EndProject
Project("{9A19103F-16F7-4668-BE54-9A1E7A4F7556}") = "CalendarSqlQuerySample", "CalendarSqlQuerySample\CalendarSqlQuerySample.csproj", "{6F6C3C71-D5B5-483D-AE05-1B40B2909B99}"
EndProject
Project("{2150E333-8FDC-42A3-9474-1A3956D46DE8}") = "Fluent Validation", "Fluent Validation", "{AE429984-4DA9-4491-A880-3F3A62298DC1}"
EndProject
Project("{9A19103F-16F7-4668-BE54-9A1E7A4F7556}") = "UsingIncludeInValidation", "UsingIncludeInValidation\UsingIncludeInValidation.csproj", "{CEEB92AC-5160-4E21-8D0A-A6624A429528}"
EndProject
Project("{2150E333-8FDC-42A3-9474-1A3956D46DE8}") = "Using TestBase and traits", "Using TestBase and traits", "{ACCEDB29-2FA9-4D64-BFB4-F9E5B800177C}"
EndProject
Project("{9A19103F-16F7-4668-BE54-9A1E7A4F7556}") = "TraitsTestProject", "TraitsTestProject\TraitsTestProject.csproj", "{E9008D63-74FE-4329-B38D-F34539D7D566}"
EndProject
Project("{9A19103F-16F7-4668-BE54-9A1E7A4F7556}") = "TraitsTestLibrary", "TraitsTestLibrary\TraitsTestLibrary.csproj", "{8E073385-00BA-4119-B840-AA55D978F0E8}"
EndProject
Project("{9A19103F-16F7-4668-BE54-9A1E7A4F7556}") = "SwitchExpressions", "SwitchExpressions\SwitchExpressions.csproj", "{B6D7A692-2D41-4F62-96B2-7F4BEBC306A4}"
EndProject
Project("{9A19103F-16F7-4668-BE54-9A1E7A4F7556}") = "AspectsDumpApp", "AspectsDumpApp\AspectsDumpApp.csproj", "{2FFAF820-47BB-4DFA-8EFA-E704B07BD2AC}"
EndProject
Project("{2150E333-8FDC-42A3-9474-1A3956D46DE8}") = "Keyed Services", "Keyed Services", "{4D3C5730-42C4-49D0-88D1-C67157E40A72}"
EndProject
Project("{9A19103F-16F7-4668-BE54-9A1E7A4F7556}") = "KeyedServiceProject1", "KeyedServiceProject1\KeyedServiceProject1.csproj", "{BF67E8EE-870E-46BC-A464-5BE745EDDD7A}"
EndProject
Project("{9A19103F-16F7-4668-BE54-9A1E7A4F7556}") = "GeneratedRegexApp", "GeneratedRegexApp\GeneratedRegexApp.csproj", "{BC5E5969-7D7B-4D22-997B-8A0DBC7ECD34}"
EndProject
Project("{9A19103F-16F7-4668-BE54-9A1E7A4F7556}") = "WpfApp1", "WpfApp1\WpfApp1.csproj", "{BE3B1CEC-F6F1-4194-94C4-426BA1450F29}"
EndProject
Project("{9A19103F-16F7-4668-BE54-9A1E7A4F7556}") = "BogusApp", "BogusApp\BogusApp.csproj", "{B7DFD037-0238-45A5-87CC-5CCB4DDEB77A}"
EndProject
Project("{2150E333-8FDC-42A3-9474-1A3956D46DE8}") = "C Sharp 12 plus", "C Sharp 12 plus", "{0CDE0C18-36EA-4138-BE5F-793B3E9D6EB3}"
EndProject
Project("{9A19103F-16F7-4668-BE54-9A1E7A4F7556}") = "ForumSurfingSamples", "ForumSurfingSamples\ForumSurfingSamples.csproj", "{1A2D6098-560E-4B93-80B2-43B963C11A23}"
EndProject
Project("{9A19103F-16F7-4668-BE54-9A1E7A4F7556}") = "RegularExpressionsTimeOutApp", "RegularExpressionsTimeOutApp\RegularExpressionsTimeOutApp.csproj", "{19AAA40D-5DDF-417F-8005-DD0A03256BCC}"
EndProject
Project("{2150E333-8FDC-42A3-9474-1A3956D46DE8}") = "Globbing", "Globbing", "{1A40A4EF-F1DC-4AD7-B54F-9483DE0D8E8F}"
EndProject
Project("{9A19103F-16F7-4668-BE54-9A1E7A4F7556}") = "SolutionFinderApp", "SolutionFinderApp\SolutionFinderApp.csproj", "{429CCC80-D1F7-4F09-A9D4-569C42F632CF}"
EndProject
Project("{9A19103F-16F7-4668-BE54-9A1E7A4F7556}") = "DistinctByApp", "DistinctByApp\DistinctByApp.csproj", "{80D5900D-B4E0-4D68-8058-B52D9048F8B0}"
EndProject
Project("{9A19103F-16F7-4668-BE54-9A1E7A4F7556}") = "ReplaceLastSample", "ReplaceLastSample\ReplaceLastSample.csproj", "{74C6D672-13F5-4637-AD85-D92B0F40579B}"
EndProject
Project("{FAE04EC0-301F-11D3-BF4B-00C04F79EFBC}") = "KP_WindowsFormsNET9", "KP_WindowsFormsNET9\KP_WindowsFormsNET9.csproj", "{48CE6A81-6CB9-44AB-B3F7-38D64C3A1C81}"
EndProject
Project("{2150E333-8FDC-42A3-9474-1A3956D46DE8}") = "Markdown", "Markdown", "{4BA59C3F-70BB-4B6D-A1EA-54F8926BDD6E}"
EndProject
Project("{E24C65DC-7377-472B-9ABA-BC803B73C61A}") = "MarkdownSamples", "MarkdownSamples\", "{ED5DD305-828B-421B-AE42-053677E1017A}"
	ProjectSection(WebsiteProperties) = preProject
		TargetFrameworkMoniker = ".NETFramework,Version%3Dv4.7.2"
		Debug.AspNetCompiler.VirtualPath = "/localhost_64534"
		Debug.AspNetCompiler.PhysicalPath = "MarkdownSamples\"
		Debug.AspNetCompiler.TargetPath = "PrecompiledWeb\localhost_64534\"
		Debug.AspNetCompiler.Updateable = "true"
		Debug.AspNetCompiler.ForceOverwrite = "true"
		Debug.AspNetCompiler.FixedNames = "false"
		Debug.AspNetCompiler.Debug = "True"
		Release.AspNetCompiler.VirtualPath = "/localhost_64534"
		Release.AspNetCompiler.PhysicalPath = "MarkdownSamples\"
		Release.AspNetCompiler.TargetPath = "PrecompiledWeb\localhost_64534\"
		Release.AspNetCompiler.Updateable = "true"
		Release.AspNetCompiler.ForceOverwrite = "true"
		Release.AspNetCompiler.FixedNames = "false"
		Release.AspNetCompiler.Debug = "False"
		VWDPort = "64534"
		SlnRelativePath = "MarkdownSamples\"
		DefaultWebSiteLanguage = "Visual Basic"
	EndProjectSection
EndProject
Project("{2150E333-8FDC-42A3-9474-1A3956D46DE8}") = "C Sharp 13", "C Sharp 13", "{D77B397C-4137-42D0-B09A-DB03A7B4DBD4}"
EndProject
Project("{FAE04EC0-301F-11D3-BF4B-00C04F79EFBC}") = "TaskDialogLibrary", "TaskDialogLibrary\TaskDialogLibrary.csproj", "{1AB6B262-583F-4304-9D45-6172CDB55A4F}"
EndProject
Project("{FAE04EC0-301F-11D3-BF4B-00C04F79EFBC}") = "WinFormsSystemColorModeLibrary", "WinFormsSystemColorModeLibrary\WinFormsSystemColorModeLibrary.csproj", "{AEFF4662-0EE0-4BED-97E5-B4E83F941D57}"
EndProject
Project("{FAE04EC0-301F-11D3-BF4B-00C04F79EFBC}") = "DarkModeApp", "DarkModeApp\DarkModeApp.csproj", "{5030315E-84D0-46E6-9268-F503E2B8F4DE}"
EndProject
Project("{FAE04EC0-301F-11D3-BF4B-00C04F79EFBC}") = "13Features", "13Features\13Features.csproj", "{F9FF1DCD-B4DC-4FA0-BE30-2207C3AD677B}"
EndProject
Project("{FAE04EC0-301F-11D3-BF4B-00C04F79EFBC}") = "BinaryFormatterAlternate", "BinaryFormatterAlternate\BinaryFormatterAlternate.csproj", "{7F02EE62-5DF4-4A7E-8F68-3EE034FFD951}"
EndProject
Project("{FAE04EC0-301F-11D3-BF4B-00C04F79EFBC}") = "GlobbingMyDocs", "GlobbingMyDocs\GlobbingMyDocs.csproj", "{64D62BFF-ADD3-42F9-9D59-7C4DC60B1442}"
EndProject
Project("{FAE04EC0-301F-11D3-BF4B-00C04F79EFBC}") = "InterfaceExtensionApp", "InterfaceExtensionApp\InterfaceExtensionApp.csproj", "{912DCB00-EF9C-468F-9326-D7C9CEC4C6D5}"
EndProject
Project("{FAE04EC0-301F-11D3-BF4B-00C04F79EFBC}") = "BindingListLibrary", "BindingListLibrary\BindingListLibrary.csproj", "{1BC5978D-EAEA-4411-857D-11521EBC3FA2}"
EndProject
Project("{FAE04EC0-301F-11D3-BF4B-00C04F79EFBC}") = "NewStuffApp", "NewStuffApp\NewStuffApp.csproj", "{7B62E790-C491-4D66-A457-CE7D75215A25}"
EndProject
Project("{FAE04EC0-301F-11D3-BF4B-00C04F79EFBC}") = "WinFormsAsync", "WinFormsAsync\WinFormsAsync.csproj", "{921E7226-FE37-44E4-9E25-5BF67ACAD812}"
EndProject
Project("{2150E333-8FDC-42A3-9474-1A3956D46DE8}") = "Class projects", "Class projects", "{4ACEE8F5-FB62-48EC-8572-30B1224A93D9}"
EndProject
Project("{FAE04EC0-301F-11D3-BF4B-00C04F79EFBC}") = "PayneServiceLibrary", "PayneServiceLibrary\PayneServiceLibrary.csproj", "{5338C708-DBE9-45A4-A5F5-022E904AA650}"
EndProject
Project("{FAE04EC0-301F-11D3-BF4B-00C04F79EFBC}") = "SqliteHasData", "SqliteHasData\SqliteHasData.csproj", "{2B27BD66-7E67-491A-A2D7-8C02F755486A}"
EndProject
Project("{FAE04EC0-301F-11D3-BF4B-00C04F79EFBC}") = "SqlServerHasData", "SqlServerHasData\SqlServerHasData.csproj", "{0D70F62B-74EE-4066-8414-7A66AB8715F3}"
EndProject
Project("{2150E333-8FDC-42A3-9474-1A3956D46DE8}") = "Has Data", "Has Data", "{2716CA6A-6635-4A3F-86A2-7194DA914F9E}"
EndProject
Project("{FAE04EC0-301F-11D3-BF4B-00C04F79EFBC}") = "ConventionalRead", "ConventionalRead\ConventionalRead.csproj", "{7A0688B9-61D5-407C-BC9B-061D77FEF961}"
EndProject
Project("{FAE04EC0-301F-11D3-BF4B-00C04F79EFBC}") = "WpfHasData", "WpfHasData\WpfHasData.csproj", "{383478B1-EA17-4F20-8D8F-546607194637}"
EndProject
Project("{2150E333-8FDC-42A3-9474-1A3956D46DE8}") = "Section exists", "Section exists", "{133242F9-90C5-466C-B85E-80B692962485}"
EndProject
Project("{FAE04EC0-301F-11D3-BF4B-00C04F79EFBC}") = "CheckSectionExistsAppSettings", "CheckSectionExistsAppSettings\CheckSectionExistsAppSettings.csproj", "{B5AD0C13-7119-4DF8-849F-7ADF49EC43E5}"
EndProject
Project("{2150E333-8FDC-42A3-9474-1A3956D46DE8}") = "Only EntitySettings", "Only EntitySettings", "{89C2CF5B-6E84-421F-9FEE-CCFD41E486A4}"
EndProject
Project("{FAE04EC0-301F-11D3-BF4B-00C04F79EFBC}") = "ReadEntitySettings", "ReadEntitySettings\ReadEntitySettings.csproj", "{1ABC2771-8F16-4B6A-9CAA-036E9F09CBF6}"
EndProject
Global
	GlobalSection(SolutionConfigurationPlatforms) = preSolution
		Debug|Any CPU = Debug|Any CPU
		Release|Any CPU = Release|Any CPU
	EndGlobalSection
	GlobalSection(ProjectConfigurationPlatforms) = postSolution
		{0D6E5ACA-1F9E-4E46-A4DF-B9C9E32DA9DD}.Debug|Any CPU.ActiveCfg = Debug|Any CPU
		{0D6E5ACA-1F9E-4E46-A4DF-B9C9E32DA9DD}.Debug|Any CPU.Build.0 = Debug|Any CPU
		{0D6E5ACA-1F9E-4E46-A4DF-B9C9E32DA9DD}.Release|Any CPU.ActiveCfg = Release|Any CPU
		{0D6E5ACA-1F9E-4E46-A4DF-B9C9E32DA9DD}.Release|Any CPU.Build.0 = Release|Any CPU
		{C29548A0-5BE7-4AB1-B720-4EF833CCEBE3}.Debug|Any CPU.ActiveCfg = Debug|Any CPU
		{C29548A0-5BE7-4AB1-B720-4EF833CCEBE3}.Debug|Any CPU.Build.0 = Debug|Any CPU
		{C29548A0-5BE7-4AB1-B720-4EF833CCEBE3}.Release|Any CPU.ActiveCfg = Release|Any CPU
		{C29548A0-5BE7-4AB1-B720-4EF833CCEBE3}.Release|Any CPU.Build.0 = Release|Any CPU
		{C1B1F912-018C-474D-905E-4ED2266EACE6}.Debug|Any CPU.ActiveCfg = Debug|Any CPU
		{C1B1F912-018C-474D-905E-4ED2266EACE6}.Debug|Any CPU.Build.0 = Debug|Any CPU
		{C1B1F912-018C-474D-905E-4ED2266EACE6}.Release|Any CPU.ActiveCfg = Release|Any CPU
		{C1B1F912-018C-474D-905E-4ED2266EACE6}.Release|Any CPU.Build.0 = Release|Any CPU
		{68EFDAB6-8E90-4176-9168-CFDF8FE0687E}.Debug|Any CPU.ActiveCfg = Debug|Any CPU
		{68EFDAB6-8E90-4176-9168-CFDF8FE0687E}.Debug|Any CPU.Build.0 = Debug|Any CPU
		{68EFDAB6-8E90-4176-9168-CFDF8FE0687E}.Release|Any CPU.ActiveCfg = Release|Any CPU
		{68EFDAB6-8E90-4176-9168-CFDF8FE0687E}.Release|Any CPU.Build.0 = Release|Any CPU
		{24A03651-2A7F-4D14-95DF-84E1B302E4C1}.Debug|Any CPU.ActiveCfg = Debug|Any CPU
		{24A03651-2A7F-4D14-95DF-84E1B302E4C1}.Debug|Any CPU.Build.0 = Debug|Any CPU
		{24A03651-2A7F-4D14-95DF-84E1B302E4C1}.Release|Any CPU.ActiveCfg = Release|Any CPU
		{24A03651-2A7F-4D14-95DF-84E1B302E4C1}.Release|Any CPU.Build.0 = Release|Any CPU
		{BAA082ED-6F89-4912-9B5C-55FD604EB1E7}.Debug|Any CPU.ActiveCfg = Debug|Any CPU
		{BAA082ED-6F89-4912-9B5C-55FD604EB1E7}.Debug|Any CPU.Build.0 = Debug|Any CPU
		{BAA082ED-6F89-4912-9B5C-55FD604EB1E7}.Release|Any CPU.ActiveCfg = Release|Any CPU
		{BAA082ED-6F89-4912-9B5C-55FD604EB1E7}.Release|Any CPU.Build.0 = Release|Any CPU
		{60106EFA-66D8-4913-82CE-30A932211AC1}.Debug|Any CPU.ActiveCfg = Debug|Any CPU
		{60106EFA-66D8-4913-82CE-30A932211AC1}.Debug|Any CPU.Build.0 = Debug|Any CPU
		{60106EFA-66D8-4913-82CE-30A932211AC1}.Release|Any CPU.ActiveCfg = Release|Any CPU
		{60106EFA-66D8-4913-82CE-30A932211AC1}.Release|Any CPU.Build.0 = Release|Any CPU
		{6D5A81DA-C0F9-4327-97EF-2EEFFC3742BF}.Debug|Any CPU.ActiveCfg = Debug|Any CPU
		{6D5A81DA-C0F9-4327-97EF-2EEFFC3742BF}.Debug|Any CPU.Build.0 = Debug|Any CPU
		{6D5A81DA-C0F9-4327-97EF-2EEFFC3742BF}.Release|Any CPU.ActiveCfg = Release|Any CPU
		{6D5A81DA-C0F9-4327-97EF-2EEFFC3742BF}.Release|Any CPU.Build.0 = Release|Any CPU
		{C13296AF-C022-4EC0-B6A2-EFBAC1C70B62}.Debug|Any CPU.ActiveCfg = Debug|Any CPU
		{C13296AF-C022-4EC0-B6A2-EFBAC1C70B62}.Debug|Any CPU.Build.0 = Debug|Any CPU
		{C13296AF-C022-4EC0-B6A2-EFBAC1C70B62}.Release|Any CPU.ActiveCfg = Release|Any CPU
		{C13296AF-C022-4EC0-B6A2-EFBAC1C70B62}.Release|Any CPU.Build.0 = Release|Any CPU
		{78B68D3B-62A6-4616-AA91-BA4D706BDA1B}.Debug|Any CPU.ActiveCfg = Debug|Any CPU
		{78B68D3B-62A6-4616-AA91-BA4D706BDA1B}.Debug|Any CPU.Build.0 = Debug|Any CPU
		{78B68D3B-62A6-4616-AA91-BA4D706BDA1B}.Release|Any CPU.ActiveCfg = Release|Any CPU
		{78B68D3B-62A6-4616-AA91-BA4D706BDA1B}.Release|Any CPU.Build.0 = Release|Any CPU
		{DBE34C6E-3C13-4728-B3E3-67C3B77D076D}.Debug|Any CPU.ActiveCfg = Debug|Any CPU
		{DBE34C6E-3C13-4728-B3E3-67C3B77D076D}.Debug|Any CPU.Build.0 = Debug|Any CPU
		{DBE34C6E-3C13-4728-B3E3-67C3B77D076D}.Release|Any CPU.ActiveCfg = Release|Any CPU
		{DBE34C6E-3C13-4728-B3E3-67C3B77D076D}.Release|Any CPU.Build.0 = Release|Any CPU
		{02916515-F7D7-4642-BB09-236BBC579424}.Debug|Any CPU.ActiveCfg = Debug|Any CPU
		{02916515-F7D7-4642-BB09-236BBC579424}.Debug|Any CPU.Build.0 = Debug|Any CPU
		{02916515-F7D7-4642-BB09-236BBC579424}.Release|Any CPU.ActiveCfg = Release|Any CPU
		{02916515-F7D7-4642-BB09-236BBC579424}.Release|Any CPU.Build.0 = Release|Any CPU
		{F7F31F75-ED57-496D-8029-D810C9D65F7D}.Debug|Any CPU.ActiveCfg = Debug|Any CPU
		{F7F31F75-ED57-496D-8029-D810C9D65F7D}.Debug|Any CPU.Build.0 = Debug|Any CPU
		{F7F31F75-ED57-496D-8029-D810C9D65F7D}.Release|Any CPU.ActiveCfg = Release|Any CPU
		{F7F31F75-ED57-496D-8029-D810C9D65F7D}.Release|Any CPU.Build.0 = Release|Any CPU
		{5DFD083D-A56C-414A-BB3A-740FEDADC993}.Debug|Any CPU.ActiveCfg = Debug|Any CPU
		{5DFD083D-A56C-414A-BB3A-740FEDADC993}.Debug|Any CPU.Build.0 = Debug|Any CPU
		{5DFD083D-A56C-414A-BB3A-740FEDADC993}.Release|Any CPU.ActiveCfg = Release|Any CPU
		{5DFD083D-A56C-414A-BB3A-740FEDADC993}.Release|Any CPU.Build.0 = Release|Any CPU
		{1C9D9872-F79C-4EF5-9BD4-02DB2158E2E1}.Debug|Any CPU.ActiveCfg = Debug|Any CPU
		{1C9D9872-F79C-4EF5-9BD4-02DB2158E2E1}.Debug|Any CPU.Build.0 = Debug|Any CPU
		{1C9D9872-F79C-4EF5-9BD4-02DB2158E2E1}.Release|Any CPU.ActiveCfg = Release|Any CPU
		{1C9D9872-F79C-4EF5-9BD4-02DB2158E2E1}.Release|Any CPU.Build.0 = Release|Any CPU
		{86859C1D-2977-4790-B0E6-D157599DD086}.Debug|Any CPU.ActiveCfg = Debug|Any CPU
		{86859C1D-2977-4790-B0E6-D157599DD086}.Debug|Any CPU.Build.0 = Debug|Any CPU
		{86859C1D-2977-4790-B0E6-D157599DD086}.Release|Any CPU.ActiveCfg = Release|Any CPU
		{86859C1D-2977-4790-B0E6-D157599DD086}.Release|Any CPU.Build.0 = Release|Any CPU
		{F6A84FA8-A530-4500-8FFF-5DD2DE0B00B1}.Debug|Any CPU.ActiveCfg = Debug|Any CPU
		{F6A84FA8-A530-4500-8FFF-5DD2DE0B00B1}.Debug|Any CPU.Build.0 = Debug|Any CPU
		{F6A84FA8-A530-4500-8FFF-5DD2DE0B00B1}.Release|Any CPU.ActiveCfg = Release|Any CPU
		{F6A84FA8-A530-4500-8FFF-5DD2DE0B00B1}.Release|Any CPU.Build.0 = Release|Any CPU
		{0EBB57A8-1D5F-4C87-BFA6-A8EFAC9CA2E3}.Debug|Any CPU.ActiveCfg = Debug|Any CPU
		{0EBB57A8-1D5F-4C87-BFA6-A8EFAC9CA2E3}.Debug|Any CPU.Build.0 = Debug|Any CPU
		{0EBB57A8-1D5F-4C87-BFA6-A8EFAC9CA2E3}.Release|Any CPU.ActiveCfg = Release|Any CPU
		{0EBB57A8-1D5F-4C87-BFA6-A8EFAC9CA2E3}.Release|Any CPU.Build.0 = Release|Any CPU
		{99349981-32F6-4BC9-B7E1-B3CD53267C81}.Debug|Any CPU.ActiveCfg = Debug|Any CPU
		{99349981-32F6-4BC9-B7E1-B3CD53267C81}.Debug|Any CPU.Build.0 = Debug|Any CPU
		{99349981-32F6-4BC9-B7E1-B3CD53267C81}.Release|Any CPU.ActiveCfg = Release|Any CPU
		{99349981-32F6-4BC9-B7E1-B3CD53267C81}.Release|Any CPU.Build.0 = Release|Any CPU
		{2DB259C0-0D8F-4502-A8C8-05A43DDA716A}.Debug|Any CPU.ActiveCfg = Debug|Any CPU
		{2DB259C0-0D8F-4502-A8C8-05A43DDA716A}.Debug|Any CPU.Build.0 = Debug|Any CPU
		{2DB259C0-0D8F-4502-A8C8-05A43DDA716A}.Release|Any CPU.ActiveCfg = Release|Any CPU
		{2DB259C0-0D8F-4502-A8C8-05A43DDA716A}.Release|Any CPU.Build.0 = Release|Any CPU
		{F8B0C3B6-93F0-4A72-BE9A-EE1A8EEDFA95}.Debug|Any CPU.ActiveCfg = Debug|Any CPU
		{F8B0C3B6-93F0-4A72-BE9A-EE1A8EEDFA95}.Debug|Any CPU.Build.0 = Debug|Any CPU
		{F8B0C3B6-93F0-4A72-BE9A-EE1A8EEDFA95}.Release|Any CPU.ActiveCfg = Release|Any CPU
		{F8B0C3B6-93F0-4A72-BE9A-EE1A8EEDFA95}.Release|Any CPU.Build.0 = Release|Any CPU
		{A034CAB3-E917-4FFC-9E81-CB5CB2E62F56}.Debug|Any CPU.ActiveCfg = Debug|Any CPU
		{A034CAB3-E917-4FFC-9E81-CB5CB2E62F56}.Debug|Any CPU.Build.0 = Debug|Any CPU
		{A034CAB3-E917-4FFC-9E81-CB5CB2E62F56}.Release|Any CPU.ActiveCfg = Release|Any CPU
		{A034CAB3-E917-4FFC-9E81-CB5CB2E62F56}.Release|Any CPU.Build.0 = Release|Any CPU
		{D67C1DFC-835E-49A7-8C84-F641100480B6}.Debug|Any CPU.ActiveCfg = Debug|Any CPU
		{D67C1DFC-835E-49A7-8C84-F641100480B6}.Debug|Any CPU.Build.0 = Debug|Any CPU
		{D67C1DFC-835E-49A7-8C84-F641100480B6}.Release|Any CPU.ActiveCfg = Release|Any CPU
		{D67C1DFC-835E-49A7-8C84-F641100480B6}.Release|Any CPU.Build.0 = Release|Any CPU
		{FA5EC9A1-2B9A-40DB-9078-9DB9592F9359}.Debug|Any CPU.ActiveCfg = Debug|Any CPU
		{FA5EC9A1-2B9A-40DB-9078-9DB9592F9359}.Debug|Any CPU.Build.0 = Debug|Any CPU
		{FA5EC9A1-2B9A-40DB-9078-9DB9592F9359}.Release|Any CPU.ActiveCfg = Release|Any CPU
		{FA5EC9A1-2B9A-40DB-9078-9DB9592F9359}.Release|Any CPU.Build.0 = Release|Any CPU
		{8F0A109B-F126-4344-B276-5EB4B819E283}.Debug|Any CPU.ActiveCfg = Debug|Any CPU
		{8F0A109B-F126-4344-B276-5EB4B819E283}.Debug|Any CPU.Build.0 = Debug|Any CPU
		{8F0A109B-F126-4344-B276-5EB4B819E283}.Release|Any CPU.ActiveCfg = Release|Any CPU
		{8F0A109B-F126-4344-B276-5EB4B819E283}.Release|Any CPU.Build.0 = Release|Any CPU
		{64ED8F47-D39D-4A35-8624-9E97E3CD6790}.Debug|Any CPU.ActiveCfg = Debug|Any CPU
		{64ED8F47-D39D-4A35-8624-9E97E3CD6790}.Debug|Any CPU.Build.0 = Debug|Any CPU
		{64ED8F47-D39D-4A35-8624-9E97E3CD6790}.Release|Any CPU.ActiveCfg = Release|Any CPU
		{64ED8F47-D39D-4A35-8624-9E97E3CD6790}.Release|Any CPU.Build.0 = Release|Any CPU
		{A1ED8EFB-E11D-48CD-B513-B963048DEAD8}.Debug|Any CPU.ActiveCfg = Debug|Any CPU
		{A1ED8EFB-E11D-48CD-B513-B963048DEAD8}.Debug|Any CPU.Build.0 = Debug|Any CPU
		{A1ED8EFB-E11D-48CD-B513-B963048DEAD8}.Release|Any CPU.ActiveCfg = Release|Any CPU
		{A1ED8EFB-E11D-48CD-B513-B963048DEAD8}.Release|Any CPU.Build.0 = Release|Any CPU
		{BA9C66D7-B869-4382-A6E1-1F8F42470247}.Debug|Any CPU.ActiveCfg = Debug|Any CPU
		{BA9C66D7-B869-4382-A6E1-1F8F42470247}.Debug|Any CPU.Build.0 = Debug|Any CPU
		{BA9C66D7-B869-4382-A6E1-1F8F42470247}.Release|Any CPU.ActiveCfg = Release|Any CPU
		{BA9C66D7-B869-4382-A6E1-1F8F42470247}.Release|Any CPU.Build.0 = Release|Any CPU
		{AE99AE2D-5CAA-408B-BDE5-F76019FDC0B5}.Debug|Any CPU.ActiveCfg = Debug|Any CPU
		{AE99AE2D-5CAA-408B-BDE5-F76019FDC0B5}.Debug|Any CPU.Build.0 = Debug|Any CPU
		{AE99AE2D-5CAA-408B-BDE5-F76019FDC0B5}.Release|Any CPU.ActiveCfg = Release|Any CPU
		{AE99AE2D-5CAA-408B-BDE5-F76019FDC0B5}.Release|Any CPU.Build.0 = Release|Any CPU
		{3EE50305-8FB9-42AC-AC67-8F171D57ED08}.Debug|Any CPU.ActiveCfg = Debug|Any CPU
		{3EE50305-8FB9-42AC-AC67-8F171D57ED08}.Debug|Any CPU.Build.0 = Debug|Any CPU
		{3EE50305-8FB9-42AC-AC67-8F171D57ED08}.Release|Any CPU.ActiveCfg = Release|Any CPU
		{3EE50305-8FB9-42AC-AC67-8F171D57ED08}.Release|Any CPU.Build.0 = Release|Any CPU
		{1C74E8AD-3848-4AD1-ADFA-D4A3AF5E12FC}.Debug|Any CPU.ActiveCfg = Debug|Any CPU
		{1C74E8AD-3848-4AD1-ADFA-D4A3AF5E12FC}.Debug|Any CPU.Build.0 = Debug|Any CPU
		{1C74E8AD-3848-4AD1-ADFA-D4A3AF5E12FC}.Release|Any CPU.ActiveCfg = Release|Any CPU
		{1C74E8AD-3848-4AD1-ADFA-D4A3AF5E12FC}.Release|Any CPU.Build.0 = Release|Any CPU
		{04806FB2-0E92-4EF0-9899-9C37E9E8F0D5}.Debug|Any CPU.ActiveCfg = Debug|Any CPU
		{04806FB2-0E92-4EF0-9899-9C37E9E8F0D5}.Debug|Any CPU.Build.0 = Debug|Any CPU
		{04806FB2-0E92-4EF0-9899-9C37E9E8F0D5}.Release|Any CPU.ActiveCfg = Release|Any CPU
		{04806FB2-0E92-4EF0-9899-9C37E9E8F0D5}.Release|Any CPU.Build.0 = Release|Any CPU
		{0F4B15BD-8773-4B44-83CF-541788D74F68}.Debug|Any CPU.ActiveCfg = Debug|Any CPU
		{0F4B15BD-8773-4B44-83CF-541788D74F68}.Debug|Any CPU.Build.0 = Debug|Any CPU
		{0F4B15BD-8773-4B44-83CF-541788D74F68}.Release|Any CPU.ActiveCfg = Release|Any CPU
		{0F4B15BD-8773-4B44-83CF-541788D74F68}.Release|Any CPU.Build.0 = Release|Any CPU
		{F5ACA45D-B37D-48AB-824D-8D29C47709F8}.Debug|Any CPU.ActiveCfg = Debug|Any CPU
		{F5ACA45D-B37D-48AB-824D-8D29C47709F8}.Debug|Any CPU.Build.0 = Debug|Any CPU
		{F5ACA45D-B37D-48AB-824D-8D29C47709F8}.Release|Any CPU.ActiveCfg = Release|Any CPU
		{F5ACA45D-B37D-48AB-824D-8D29C47709F8}.Release|Any CPU.Build.0 = Release|Any CPU
		{78C0C1C7-45EF-4B84-97B6-97CEE6529AA9}.Debug|Any CPU.ActiveCfg = Debug|Any CPU
		{78C0C1C7-45EF-4B84-97B6-97CEE6529AA9}.Debug|Any CPU.Build.0 = Debug|Any CPU
		{78C0C1C7-45EF-4B84-97B6-97CEE6529AA9}.Release|Any CPU.ActiveCfg = Release|Any CPU
		{78C0C1C7-45EF-4B84-97B6-97CEE6529AA9}.Release|Any CPU.Build.0 = Release|Any CPU
		{7760BC12-5CD9-4ED2-A37E-3560DB8F819B}.Debug|Any CPU.ActiveCfg = Debug|Any CPU
		{7760BC12-5CD9-4ED2-A37E-3560DB8F819B}.Debug|Any CPU.Build.0 = Debug|Any CPU
		{7760BC12-5CD9-4ED2-A37E-3560DB8F819B}.Release|Any CPU.ActiveCfg = Release|Any CPU
		{7760BC12-5CD9-4ED2-A37E-3560DB8F819B}.Release|Any CPU.Build.0 = Release|Any CPU
		{D9A82305-8362-41EB-8718-51A8C7EF1206}.Debug|Any CPU.ActiveCfg = Debug|Any CPU
		{D9A82305-8362-41EB-8718-51A8C7EF1206}.Debug|Any CPU.Build.0 = Debug|Any CPU
		{D9A82305-8362-41EB-8718-51A8C7EF1206}.Release|Any CPU.ActiveCfg = Release|Any CPU
		{D9A82305-8362-41EB-8718-51A8C7EF1206}.Release|Any CPU.Build.0 = Release|Any CPU
		{420C9772-CABC-471F-95EC-B9830DC6DCA8}.Debug|Any CPU.ActiveCfg = Debug|Any CPU
		{420C9772-CABC-471F-95EC-B9830DC6DCA8}.Debug|Any CPU.Build.0 = Debug|Any CPU
		{420C9772-CABC-471F-95EC-B9830DC6DCA8}.Release|Any CPU.ActiveCfg = Release|Any CPU
		{420C9772-CABC-471F-95EC-B9830DC6DCA8}.Release|Any CPU.Build.0 = Release|Any CPU
		{45C54B67-6789-4A1B-ADAD-BE06E0E0A65C}.Debug|Any CPU.ActiveCfg = Debug|Any CPU
		{45C54B67-6789-4A1B-ADAD-BE06E0E0A65C}.Debug|Any CPU.Build.0 = Debug|Any CPU
		{45C54B67-6789-4A1B-ADAD-BE06E0E0A65C}.Release|Any CPU.ActiveCfg = Release|Any CPU
		{45C54B67-6789-4A1B-ADAD-BE06E0E0A65C}.Release|Any CPU.Build.0 = Release|Any CPU
		{70C959DA-94DF-418E-812D-7D79054C1F0B}.Debug|Any CPU.ActiveCfg = Debug|Any CPU
		{70C959DA-94DF-418E-812D-7D79054C1F0B}.Debug|Any CPU.Build.0 = Debug|Any CPU
		{70C959DA-94DF-418E-812D-7D79054C1F0B}.Release|Any CPU.ActiveCfg = Release|Any CPU
		{70C959DA-94DF-418E-812D-7D79054C1F0B}.Release|Any CPU.Build.0 = Release|Any CPU
		{087C688F-2DBC-4243-8693-288DAA6F8A0B}.Debug|Any CPU.ActiveCfg = Debug|Any CPU
		{087C688F-2DBC-4243-8693-288DAA6F8A0B}.Debug|Any CPU.Build.0 = Debug|Any CPU
		{087C688F-2DBC-4243-8693-288DAA6F8A0B}.Release|Any CPU.ActiveCfg = Release|Any CPU
		{087C688F-2DBC-4243-8693-288DAA6F8A0B}.Release|Any CPU.Build.0 = Release|Any CPU
		{9F2A1526-555B-46CF-85F4-514F97C65936}.Debug|Any CPU.ActiveCfg = Debug|Any CPU
		{9F2A1526-555B-46CF-85F4-514F97C65936}.Debug|Any CPU.Build.0 = Debug|Any CPU
		{9F2A1526-555B-46CF-85F4-514F97C65936}.Release|Any CPU.ActiveCfg = Release|Any CPU
		{9F2A1526-555B-46CF-85F4-514F97C65936}.Release|Any CPU.Build.0 = Release|Any CPU
		{B0B40BB9-2B14-4A2C-9104-7DCED8A84EE7}.Debug|Any CPU.ActiveCfg = Debug|Any CPU
		{B0B40BB9-2B14-4A2C-9104-7DCED8A84EE7}.Debug|Any CPU.Build.0 = Debug|Any CPU
		{B0B40BB9-2B14-4A2C-9104-7DCED8A84EE7}.Release|Any CPU.ActiveCfg = Release|Any CPU
		{B0B40BB9-2B14-4A2C-9104-7DCED8A84EE7}.Release|Any CPU.Build.0 = Release|Any CPU
		{FD0B1C67-A55C-41B7-B80B-BE76A452FBDC}.Debug|Any CPU.ActiveCfg = Debug|Any CPU
		{FD0B1C67-A55C-41B7-B80B-BE76A452FBDC}.Debug|Any CPU.Build.0 = Debug|Any CPU
		{FD0B1C67-A55C-41B7-B80B-BE76A452FBDC}.Release|Any CPU.ActiveCfg = Release|Any CPU
		{FD0B1C67-A55C-41B7-B80B-BE76A452FBDC}.Release|Any CPU.Build.0 = Release|Any CPU
		{A67181B2-525F-4F06-8C19-6590CB8BEB90}.Debug|Any CPU.ActiveCfg = Debug|Any CPU
		{A67181B2-525F-4F06-8C19-6590CB8BEB90}.Debug|Any CPU.Build.0 = Debug|Any CPU
		{A67181B2-525F-4F06-8C19-6590CB8BEB90}.Release|Any CPU.ActiveCfg = Release|Any CPU
		{A67181B2-525F-4F06-8C19-6590CB8BEB90}.Release|Any CPU.Build.0 = Release|Any CPU
		{64F978B3-C71E-42F0-B69B-C0A7FD29D760}.Debug|Any CPU.ActiveCfg = Debug|Any CPU
		{64F978B3-C71E-42F0-B69B-C0A7FD29D760}.Debug|Any CPU.Build.0 = Debug|Any CPU
		{64F978B3-C71E-42F0-B69B-C0A7FD29D760}.Release|Any CPU.ActiveCfg = Release|Any CPU
		{64F978B3-C71E-42F0-B69B-C0A7FD29D760}.Release|Any CPU.Build.0 = Release|Any CPU
		{20B657D8-84E9-4664-94D0-3C6087BB18AC}.Debug|Any CPU.ActiveCfg = Debug|Any CPU
		{20B657D8-84E9-4664-94D0-3C6087BB18AC}.Debug|Any CPU.Build.0 = Debug|Any CPU
		{20B657D8-84E9-4664-94D0-3C6087BB18AC}.Release|Any CPU.ActiveCfg = Release|Any CPU
		{20B657D8-84E9-4664-94D0-3C6087BB18AC}.Release|Any CPU.Build.0 = Release|Any CPU
		{F9B349B8-5CC5-4695-993A-825975577269}.Debug|Any CPU.ActiveCfg = Debug|Any CPU
		{F9B349B8-5CC5-4695-993A-825975577269}.Debug|Any CPU.Build.0 = Debug|Any CPU
		{F9B349B8-5CC5-4695-993A-825975577269}.Release|Any CPU.ActiveCfg = Release|Any CPU
		{F9B349B8-5CC5-4695-993A-825975577269}.Release|Any CPU.Build.0 = Release|Any CPU
		{96C52CC7-9E83-4C6A-A9B7-A926E5746729}.Debug|Any CPU.ActiveCfg = Debug|Any CPU
		{96C52CC7-9E83-4C6A-A9B7-A926E5746729}.Debug|Any CPU.Build.0 = Debug|Any CPU
		{96C52CC7-9E83-4C6A-A9B7-A926E5746729}.Release|Any CPU.ActiveCfg = Release|Any CPU
		{96C52CC7-9E83-4C6A-A9B7-A926E5746729}.Release|Any CPU.Build.0 = Release|Any CPU
		{958161CB-B2A3-41CA-9BE3-27F271B95CC7}.Debug|Any CPU.ActiveCfg = Debug|Any CPU
		{958161CB-B2A3-41CA-9BE3-27F271B95CC7}.Debug|Any CPU.Build.0 = Debug|Any CPU
		{958161CB-B2A3-41CA-9BE3-27F271B95CC7}.Release|Any CPU.ActiveCfg = Release|Any CPU
		{958161CB-B2A3-41CA-9BE3-27F271B95CC7}.Release|Any CPU.Build.0 = Release|Any CPU
		{CA6C9341-71B2-44FB-B768-9AD8384929E6}.Debug|Any CPU.ActiveCfg = Debug|Any CPU
		{CA6C9341-71B2-44FB-B768-9AD8384929E6}.Debug|Any CPU.Build.0 = Debug|Any CPU
		{CA6C9341-71B2-44FB-B768-9AD8384929E6}.Release|Any CPU.ActiveCfg = Release|Any CPU
		{CA6C9341-71B2-44FB-B768-9AD8384929E6}.Release|Any CPU.Build.0 = Release|Any CPU
		{29441B11-C997-4C1B-BEE8-AF62122E37DD}.Debug|Any CPU.ActiveCfg = Debug|Any CPU
		{29441B11-C997-4C1B-BEE8-AF62122E37DD}.Debug|Any CPU.Build.0 = Debug|Any CPU
		{29441B11-C997-4C1B-BEE8-AF62122E37DD}.Release|Any CPU.ActiveCfg = Release|Any CPU
		{29441B11-C997-4C1B-BEE8-AF62122E37DD}.Release|Any CPU.Build.0 = Release|Any CPU
		{12FA95DC-6BE1-4235-8140-5961EA425F95}.Debug|Any CPU.ActiveCfg = Debug|Any CPU
		{12FA95DC-6BE1-4235-8140-5961EA425F95}.Debug|Any CPU.Build.0 = Debug|Any CPU
		{12FA95DC-6BE1-4235-8140-5961EA425F95}.Release|Any CPU.ActiveCfg = Release|Any CPU
		{12FA95DC-6BE1-4235-8140-5961EA425F95}.Release|Any CPU.Build.0 = Release|Any CPU
		{2E34DC8C-C886-400F-88F7-BE09F330760D}.Debug|Any CPU.ActiveCfg = Debug|Any CPU
		{2E34DC8C-C886-400F-88F7-BE09F330760D}.Debug|Any CPU.Build.0 = Debug|Any CPU
		{2E34DC8C-C886-400F-88F7-BE09F330760D}.Release|Any CPU.ActiveCfg = Release|Any CPU
		{2E34DC8C-C886-400F-88F7-BE09F330760D}.Release|Any CPU.Build.0 = Release|Any CPU
		{B7CFED29-2DA1-45DA-9542-C0FC211696BA}.Debug|Any CPU.ActiveCfg = Debug|Any CPU
		{B7CFED29-2DA1-45DA-9542-C0FC211696BA}.Debug|Any CPU.Build.0 = Debug|Any CPU
		{B7CFED29-2DA1-45DA-9542-C0FC211696BA}.Release|Any CPU.ActiveCfg = Release|Any CPU
		{B7CFED29-2DA1-45DA-9542-C0FC211696BA}.Release|Any CPU.Build.0 = Release|Any CPU
		{50DCA3E2-04E5-479C-B465-D3F9EF620B43}.Debug|Any CPU.ActiveCfg = Debug|Any CPU
		{50DCA3E2-04E5-479C-B465-D3F9EF620B43}.Debug|Any CPU.Build.0 = Debug|Any CPU
		{50DCA3E2-04E5-479C-B465-D3F9EF620B43}.Release|Any CPU.ActiveCfg = Release|Any CPU
		{50DCA3E2-04E5-479C-B465-D3F9EF620B43}.Release|Any CPU.Build.0 = Release|Any CPU
		{FAA0EB68-3988-489D-8651-25172D203540}.Debug|Any CPU.ActiveCfg = Debug|Any CPU
		{FAA0EB68-3988-489D-8651-25172D203540}.Debug|Any CPU.Build.0 = Debug|Any CPU
		{FAA0EB68-3988-489D-8651-25172D203540}.Release|Any CPU.ActiveCfg = Release|Any CPU
		{FAA0EB68-3988-489D-8651-25172D203540}.Release|Any CPU.Build.0 = Release|Any CPU
		{BEF98E4D-CE3E-4984-BFD1-335139B36BA4}.Debug|Any CPU.ActiveCfg = Debug|Any CPU
		{BEF98E4D-CE3E-4984-BFD1-335139B36BA4}.Debug|Any CPU.Build.0 = Debug|Any CPU
		{BEF98E4D-CE3E-4984-BFD1-335139B36BA4}.Release|Any CPU.ActiveCfg = Release|Any CPU
		{BEF98E4D-CE3E-4984-BFD1-335139B36BA4}.Release|Any CPU.Build.0 = Release|Any CPU
		{D3B7ADF0-712A-4A14-943C-5F011F1BF039}.Debug|Any CPU.ActiveCfg = Debug|Any CPU
		{D3B7ADF0-712A-4A14-943C-5F011F1BF039}.Debug|Any CPU.Build.0 = Debug|Any CPU
		{D3B7ADF0-712A-4A14-943C-5F011F1BF039}.Release|Any CPU.ActiveCfg = Release|Any CPU
		{D3B7ADF0-712A-4A14-943C-5F011F1BF039}.Release|Any CPU.Build.0 = Release|Any CPU
		{5C9462B4-CF12-4A53-AC2F-BA0B4488F4F9}.Debug|Any CPU.ActiveCfg = Debug|Any CPU
		{5C9462B4-CF12-4A53-AC2F-BA0B4488F4F9}.Debug|Any CPU.Build.0 = Debug|Any CPU
		{5C9462B4-CF12-4A53-AC2F-BA0B4488F4F9}.Release|Any CPU.ActiveCfg = Release|Any CPU
		{5C9462B4-CF12-4A53-AC2F-BA0B4488F4F9}.Release|Any CPU.Build.0 = Release|Any CPU
		{A2521A1F-B551-4C4B-B68F-356A92285779}.Debug|Any CPU.ActiveCfg = Debug|Any CPU
		{A2521A1F-B551-4C4B-B68F-356A92285779}.Debug|Any CPU.Build.0 = Debug|Any CPU
		{A2521A1F-B551-4C4B-B68F-356A92285779}.Release|Any CPU.ActiveCfg = Release|Any CPU
		{A2521A1F-B551-4C4B-B68F-356A92285779}.Release|Any CPU.Build.0 = Release|Any CPU
		{6ED41173-E529-4D6D-92D5-0B29DE76ABAC}.Debug|Any CPU.ActiveCfg = Debug|Any CPU
		{6ED41173-E529-4D6D-92D5-0B29DE76ABAC}.Debug|Any CPU.Build.0 = Debug|Any CPU
		{6ED41173-E529-4D6D-92D5-0B29DE76ABAC}.Release|Any CPU.ActiveCfg = Release|Any CPU
		{6ED41173-E529-4D6D-92D5-0B29DE76ABAC}.Release|Any CPU.Build.0 = Release|Any CPU
		{71AA5123-A9AC-4619-B3D5-5849D51BB7E0}.Debug|Any CPU.ActiveCfg = Debug|Any CPU
		{71AA5123-A9AC-4619-B3D5-5849D51BB7E0}.Debug|Any CPU.Build.0 = Debug|Any CPU
		{71AA5123-A9AC-4619-B3D5-5849D51BB7E0}.Release|Any CPU.ActiveCfg = Release|Any CPU
		{71AA5123-A9AC-4619-B3D5-5849D51BB7E0}.Release|Any CPU.Build.0 = Release|Any CPU
		{6A43EB47-617B-46F5-9FD5-1C822D2AC54D}.Debug|Any CPU.ActiveCfg = Debug|Any CPU
		{6A43EB47-617B-46F5-9FD5-1C822D2AC54D}.Debug|Any CPU.Build.0 = Debug|Any CPU
		{6A43EB47-617B-46F5-9FD5-1C822D2AC54D}.Release|Any CPU.ActiveCfg = Release|Any CPU
		{6A43EB47-617B-46F5-9FD5-1C822D2AC54D}.Release|Any CPU.Build.0 = Release|Any CPU
		{D94F2D0F-715C-4908-9948-383A08BDA1AB}.Debug|Any CPU.ActiveCfg = Debug|Any CPU
		{D94F2D0F-715C-4908-9948-383A08BDA1AB}.Debug|Any CPU.Build.0 = Debug|Any CPU
		{D94F2D0F-715C-4908-9948-383A08BDA1AB}.Release|Any CPU.ActiveCfg = Release|Any CPU
		{D94F2D0F-715C-4908-9948-383A08BDA1AB}.Release|Any CPU.Build.0 = Release|Any CPU
		{B62BDECC-6D28-440F-8351-EB13576615EA}.Debug|Any CPU.ActiveCfg = Debug|Any CPU
		{B62BDECC-6D28-440F-8351-EB13576615EA}.Debug|Any CPU.Build.0 = Debug|Any CPU
		{B62BDECC-6D28-440F-8351-EB13576615EA}.Release|Any CPU.ActiveCfg = Release|Any CPU
		{B62BDECC-6D28-440F-8351-EB13576615EA}.Release|Any CPU.Build.0 = Release|Any CPU
		{E94AAF3C-F704-454E-AC5A-021D23627507}.Debug|Any CPU.ActiveCfg = Debug|Any CPU
		{E94AAF3C-F704-454E-AC5A-021D23627507}.Debug|Any CPU.Build.0 = Debug|Any CPU
		{E94AAF3C-F704-454E-AC5A-021D23627507}.Release|Any CPU.ActiveCfg = Release|Any CPU
		{E94AAF3C-F704-454E-AC5A-021D23627507}.Release|Any CPU.Build.0 = Release|Any CPU
		{BF699A51-A363-4F20-A741-ABE88C9B5BFA}.Debug|Any CPU.ActiveCfg = Debug|Any CPU
		{BF699A51-A363-4F20-A741-ABE88C9B5BFA}.Debug|Any CPU.Build.0 = Debug|Any CPU
		{BF699A51-A363-4F20-A741-ABE88C9B5BFA}.Release|Any CPU.ActiveCfg = Release|Any CPU
		{BF699A51-A363-4F20-A741-ABE88C9B5BFA}.Release|Any CPU.Build.0 = Release|Any CPU
		{23283CCA-215B-454F-BB4E-AF9627A1DB37}.Debug|Any CPU.ActiveCfg = Debug|Any CPU
		{23283CCA-215B-454F-BB4E-AF9627A1DB37}.Debug|Any CPU.Build.0 = Debug|Any CPU
		{23283CCA-215B-454F-BB4E-AF9627A1DB37}.Release|Any CPU.ActiveCfg = Release|Any CPU
		{23283CCA-215B-454F-BB4E-AF9627A1DB37}.Release|Any CPU.Build.0 = Release|Any CPU
		{990E6504-9172-4117-A17C-E55A7C3CA23A}.Debug|Any CPU.ActiveCfg = Debug|Any CPU
		{990E6504-9172-4117-A17C-E55A7C3CA23A}.Debug|Any CPU.Build.0 = Debug|Any CPU
		{990E6504-9172-4117-A17C-E55A7C3CA23A}.Release|Any CPU.ActiveCfg = Release|Any CPU
		{990E6504-9172-4117-A17C-E55A7C3CA23A}.Release|Any CPU.Build.0 = Release|Any CPU
		{AF3F0108-BFC1-48A4-BB4F-6CD478752640}.Debug|Any CPU.ActiveCfg = Debug|Any CPU
		{AF3F0108-BFC1-48A4-BB4F-6CD478752640}.Debug|Any CPU.Build.0 = Debug|Any CPU
		{AF3F0108-BFC1-48A4-BB4F-6CD478752640}.Release|Any CPU.ActiveCfg = Release|Any CPU
		{AF3F0108-BFC1-48A4-BB4F-6CD478752640}.Release|Any CPU.Build.0 = Release|Any CPU
		{BFBFD3C5-1D83-4412-AC22-F3F682CF5DBE}.Debug|Any CPU.ActiveCfg = Debug|Any CPU
		{BFBFD3C5-1D83-4412-AC22-F3F682CF5DBE}.Debug|Any CPU.Build.0 = Debug|Any CPU
		{BFBFD3C5-1D83-4412-AC22-F3F682CF5DBE}.Release|Any CPU.ActiveCfg = Release|Any CPU
		{BFBFD3C5-1D83-4412-AC22-F3F682CF5DBE}.Release|Any CPU.Build.0 = Release|Any CPU
		{43B393DF-631E-46FD-B86E-13CE37CA0515}.Debug|Any CPU.ActiveCfg = Debug|Any CPU
		{43B393DF-631E-46FD-B86E-13CE37CA0515}.Debug|Any CPU.Build.0 = Debug|Any CPU
		{43B393DF-631E-46FD-B86E-13CE37CA0515}.Release|Any CPU.ActiveCfg = Release|Any CPU
		{43B393DF-631E-46FD-B86E-13CE37CA0515}.Release|Any CPU.Build.0 = Release|Any CPU
		{E0004DE0-EBF7-4DDB-9C4B-4DBD97464899}.Debug|Any CPU.ActiveCfg = Debug|Any CPU
		{E0004DE0-EBF7-4DDB-9C4B-4DBD97464899}.Debug|Any CPU.Build.0 = Debug|Any CPU
		{E0004DE0-EBF7-4DDB-9C4B-4DBD97464899}.Release|Any CPU.ActiveCfg = Release|Any CPU
		{E0004DE0-EBF7-4DDB-9C4B-4DBD97464899}.Release|Any CPU.Build.0 = Release|Any CPU
		{C9E45077-4EB0-4E87-B2A1-4D715E61E0D1}.Debug|Any CPU.ActiveCfg = Debug|Any CPU
		{C9E45077-4EB0-4E87-B2A1-4D715E61E0D1}.Debug|Any CPU.Build.0 = Debug|Any CPU
		{C9E45077-4EB0-4E87-B2A1-4D715E61E0D1}.Release|Any CPU.ActiveCfg = Release|Any CPU
		{C9E45077-4EB0-4E87-B2A1-4D715E61E0D1}.Release|Any CPU.Build.0 = Release|Any CPU
		{F2F09B5D-96CC-4556-A889-338F5CF90B3B}.Debug|Any CPU.ActiveCfg = Debug|Any CPU
		{F2F09B5D-96CC-4556-A889-338F5CF90B3B}.Debug|Any CPU.Build.0 = Debug|Any CPU
		{F2F09B5D-96CC-4556-A889-338F5CF90B3B}.Release|Any CPU.ActiveCfg = Release|Any CPU
		{F2F09B5D-96CC-4556-A889-338F5CF90B3B}.Release|Any CPU.Build.0 = Release|Any CPU
		{B271DB68-7F17-4F46-AF0B-5E9596577F08}.Debug|Any CPU.ActiveCfg = Debug|Any CPU
		{B271DB68-7F17-4F46-AF0B-5E9596577F08}.Debug|Any CPU.Build.0 = Debug|Any CPU
		{B271DB68-7F17-4F46-AF0B-5E9596577F08}.Release|Any CPU.ActiveCfg = Release|Any CPU
		{B271DB68-7F17-4F46-AF0B-5E9596577F08}.Release|Any CPU.Build.0 = Release|Any CPU
		{6F6C3C71-D5B5-483D-AE05-1B40B2909B99}.Debug|Any CPU.ActiveCfg = Debug|Any CPU
		{6F6C3C71-D5B5-483D-AE05-1B40B2909B99}.Debug|Any CPU.Build.0 = Debug|Any CPU
		{6F6C3C71-D5B5-483D-AE05-1B40B2909B99}.Release|Any CPU.ActiveCfg = Release|Any CPU
		{6F6C3C71-D5B5-483D-AE05-1B40B2909B99}.Release|Any CPU.Build.0 = Release|Any CPU
		{CEEB92AC-5160-4E21-8D0A-A6624A429528}.Debug|Any CPU.ActiveCfg = Debug|Any CPU
		{CEEB92AC-5160-4E21-8D0A-A6624A429528}.Debug|Any CPU.Build.0 = Debug|Any CPU
		{CEEB92AC-5160-4E21-8D0A-A6624A429528}.Release|Any CPU.ActiveCfg = Release|Any CPU
		{CEEB92AC-5160-4E21-8D0A-A6624A429528}.Release|Any CPU.Build.0 = Release|Any CPU
		{E9008D63-74FE-4329-B38D-F34539D7D566}.Debug|Any CPU.ActiveCfg = Debug|Any CPU
		{E9008D63-74FE-4329-B38D-F34539D7D566}.Debug|Any CPU.Build.0 = Debug|Any CPU
		{E9008D63-74FE-4329-B38D-F34539D7D566}.Release|Any CPU.ActiveCfg = Release|Any CPU
		{E9008D63-74FE-4329-B38D-F34539D7D566}.Release|Any CPU.Build.0 = Release|Any CPU
		{8E073385-00BA-4119-B840-AA55D978F0E8}.Debug|Any CPU.ActiveCfg = Debug|Any CPU
		{8E073385-00BA-4119-B840-AA55D978F0E8}.Debug|Any CPU.Build.0 = Debug|Any CPU
		{8E073385-00BA-4119-B840-AA55D978F0E8}.Release|Any CPU.ActiveCfg = Release|Any CPU
		{8E073385-00BA-4119-B840-AA55D978F0E8}.Release|Any CPU.Build.0 = Release|Any CPU
		{B6D7A692-2D41-4F62-96B2-7F4BEBC306A4}.Debug|Any CPU.ActiveCfg = Debug|Any CPU
		{B6D7A692-2D41-4F62-96B2-7F4BEBC306A4}.Debug|Any CPU.Build.0 = Debug|Any CPU
		{B6D7A692-2D41-4F62-96B2-7F4BEBC306A4}.Release|Any CPU.ActiveCfg = Release|Any CPU
		{B6D7A692-2D41-4F62-96B2-7F4BEBC306A4}.Release|Any CPU.Build.0 = Release|Any CPU
		{2FFAF820-47BB-4DFA-8EFA-E704B07BD2AC}.Debug|Any CPU.ActiveCfg = Debug|Any CPU
		{2FFAF820-47BB-4DFA-8EFA-E704B07BD2AC}.Debug|Any CPU.Build.0 = Debug|Any CPU
		{2FFAF820-47BB-4DFA-8EFA-E704B07BD2AC}.Release|Any CPU.ActiveCfg = Release|Any CPU
		{2FFAF820-47BB-4DFA-8EFA-E704B07BD2AC}.Release|Any CPU.Build.0 = Release|Any CPU
		{BF67E8EE-870E-46BC-A464-5BE745EDDD7A}.Debug|Any CPU.ActiveCfg = Debug|Any CPU
		{BF67E8EE-870E-46BC-A464-5BE745EDDD7A}.Debug|Any CPU.Build.0 = Debug|Any CPU
		{BF67E8EE-870E-46BC-A464-5BE745EDDD7A}.Release|Any CPU.ActiveCfg = Release|Any CPU
		{BF67E8EE-870E-46BC-A464-5BE745EDDD7A}.Release|Any CPU.Build.0 = Release|Any CPU
		{BC5E5969-7D7B-4D22-997B-8A0DBC7ECD34}.Debug|Any CPU.ActiveCfg = Debug|Any CPU
		{BC5E5969-7D7B-4D22-997B-8A0DBC7ECD34}.Debug|Any CPU.Build.0 = Debug|Any CPU
		{BC5E5969-7D7B-4D22-997B-8A0DBC7ECD34}.Release|Any CPU.ActiveCfg = Release|Any CPU
		{BC5E5969-7D7B-4D22-997B-8A0DBC7ECD34}.Release|Any CPU.Build.0 = Release|Any CPU
		{BE3B1CEC-F6F1-4194-94C4-426BA1450F29}.Debug|Any CPU.ActiveCfg = Debug|Any CPU
		{BE3B1CEC-F6F1-4194-94C4-426BA1450F29}.Debug|Any CPU.Build.0 = Debug|Any CPU
		{BE3B1CEC-F6F1-4194-94C4-426BA1450F29}.Release|Any CPU.ActiveCfg = Release|Any CPU
		{BE3B1CEC-F6F1-4194-94C4-426BA1450F29}.Release|Any CPU.Build.0 = Release|Any CPU
		{B7DFD037-0238-45A5-87CC-5CCB4DDEB77A}.Debug|Any CPU.ActiveCfg = Debug|Any CPU
		{B7DFD037-0238-45A5-87CC-5CCB4DDEB77A}.Debug|Any CPU.Build.0 = Debug|Any CPU
		{B7DFD037-0238-45A5-87CC-5CCB4DDEB77A}.Release|Any CPU.ActiveCfg = Release|Any CPU
		{B7DFD037-0238-45A5-87CC-5CCB4DDEB77A}.Release|Any CPU.Build.0 = Release|Any CPU
		{1A2D6098-560E-4B93-80B2-43B963C11A23}.Debug|Any CPU.ActiveCfg = Debug|Any CPU
		{1A2D6098-560E-4B93-80B2-43B963C11A23}.Debug|Any CPU.Build.0 = Debug|Any CPU
		{1A2D6098-560E-4B93-80B2-43B963C11A23}.Release|Any CPU.ActiveCfg = Release|Any CPU
		{1A2D6098-560E-4B93-80B2-43B963C11A23}.Release|Any CPU.Build.0 = Release|Any CPU
		{19AAA40D-5DDF-417F-8005-DD0A03256BCC}.Debug|Any CPU.ActiveCfg = Debug|Any CPU
		{19AAA40D-5DDF-417F-8005-DD0A03256BCC}.Debug|Any CPU.Build.0 = Debug|Any CPU
		{19AAA40D-5DDF-417F-8005-DD0A03256BCC}.Release|Any CPU.ActiveCfg = Release|Any CPU
		{19AAA40D-5DDF-417F-8005-DD0A03256BCC}.Release|Any CPU.Build.0 = Release|Any CPU
		{429CCC80-D1F7-4F09-A9D4-569C42F632CF}.Debug|Any CPU.ActiveCfg = Debug|Any CPU
		{429CCC80-D1F7-4F09-A9D4-569C42F632CF}.Debug|Any CPU.Build.0 = Debug|Any CPU
		{429CCC80-D1F7-4F09-A9D4-569C42F632CF}.Release|Any CPU.ActiveCfg = Release|Any CPU
		{429CCC80-D1F7-4F09-A9D4-569C42F632CF}.Release|Any CPU.Build.0 = Release|Any CPU
		{80D5900D-B4E0-4D68-8058-B52D9048F8B0}.Debug|Any CPU.ActiveCfg = Debug|Any CPU
		{80D5900D-B4E0-4D68-8058-B52D9048F8B0}.Debug|Any CPU.Build.0 = Debug|Any CPU
		{80D5900D-B4E0-4D68-8058-B52D9048F8B0}.Release|Any CPU.ActiveCfg = Release|Any CPU
		{80D5900D-B4E0-4D68-8058-B52D9048F8B0}.Release|Any CPU.Build.0 = Release|Any CPU
		{74C6D672-13F5-4637-AD85-D92B0F40579B}.Debug|Any CPU.ActiveCfg = Debug|Any CPU
		{74C6D672-13F5-4637-AD85-D92B0F40579B}.Debug|Any CPU.Build.0 = Debug|Any CPU
		{74C6D672-13F5-4637-AD85-D92B0F40579B}.Release|Any CPU.ActiveCfg = Release|Any CPU
		{74C6D672-13F5-4637-AD85-D92B0F40579B}.Release|Any CPU.Build.0 = Release|Any CPU
		{48CE6A81-6CB9-44AB-B3F7-38D64C3A1C81}.Debug|Any CPU.ActiveCfg = Debug|Any CPU
		{48CE6A81-6CB9-44AB-B3F7-38D64C3A1C81}.Debug|Any CPU.Build.0 = Debug|Any CPU
		{48CE6A81-6CB9-44AB-B3F7-38D64C3A1C81}.Release|Any CPU.ActiveCfg = Release|Any CPU
		{48CE6A81-6CB9-44AB-B3F7-38D64C3A1C81}.Release|Any CPU.Build.0 = Release|Any CPU
		{ED5DD305-828B-421B-AE42-053677E1017A}.Debug|Any CPU.ActiveCfg = Debug|Any CPU
		{ED5DD305-828B-421B-AE42-053677E1017A}.Debug|Any CPU.Build.0 = Debug|Any CPU
		{ED5DD305-828B-421B-AE42-053677E1017A}.Release|Any CPU.ActiveCfg = Debug|Any CPU
		{ED5DD305-828B-421B-AE42-053677E1017A}.Release|Any CPU.Build.0 = Debug|Any CPU
		{1AB6B262-583F-4304-9D45-6172CDB55A4F}.Debug|Any CPU.ActiveCfg = Debug|Any CPU
		{1AB6B262-583F-4304-9D45-6172CDB55A4F}.Debug|Any CPU.Build.0 = Debug|Any CPU
		{1AB6B262-583F-4304-9D45-6172CDB55A4F}.Release|Any CPU.ActiveCfg = Release|Any CPU
		{1AB6B262-583F-4304-9D45-6172CDB55A4F}.Release|Any CPU.Build.0 = Release|Any CPU
		{AEFF4662-0EE0-4BED-97E5-B4E83F941D57}.Debug|Any CPU.ActiveCfg = Debug|Any CPU
		{AEFF4662-0EE0-4BED-97E5-B4E83F941D57}.Debug|Any CPU.Build.0 = Debug|Any CPU
		{AEFF4662-0EE0-4BED-97E5-B4E83F941D57}.Release|Any CPU.ActiveCfg = Release|Any CPU
		{AEFF4662-0EE0-4BED-97E5-B4E83F941D57}.Release|Any CPU.Build.0 = Release|Any CPU
		{5030315E-84D0-46E6-9268-F503E2B8F4DE}.Debug|Any CPU.ActiveCfg = Debug|Any CPU
		{5030315E-84D0-46E6-9268-F503E2B8F4DE}.Debug|Any CPU.Build.0 = Debug|Any CPU
		{5030315E-84D0-46E6-9268-F503E2B8F4DE}.Release|Any CPU.ActiveCfg = Release|Any CPU
		{5030315E-84D0-46E6-9268-F503E2B8F4DE}.Release|Any CPU.Build.0 = Release|Any CPU
		{F9FF1DCD-B4DC-4FA0-BE30-2207C3AD677B}.Debug|Any CPU.ActiveCfg = Debug|Any CPU
		{F9FF1DCD-B4DC-4FA0-BE30-2207C3AD677B}.Debug|Any CPU.Build.0 = Debug|Any CPU
		{F9FF1DCD-B4DC-4FA0-BE30-2207C3AD677B}.Release|Any CPU.ActiveCfg = Release|Any CPU
		{F9FF1DCD-B4DC-4FA0-BE30-2207C3AD677B}.Release|Any CPU.Build.0 = Release|Any CPU
		{7F02EE62-5DF4-4A7E-8F68-3EE034FFD951}.Debug|Any CPU.ActiveCfg = Debug|Any CPU
		{7F02EE62-5DF4-4A7E-8F68-3EE034FFD951}.Debug|Any CPU.Build.0 = Debug|Any CPU
		{7F02EE62-5DF4-4A7E-8F68-3EE034FFD951}.Release|Any CPU.ActiveCfg = Release|Any CPU
		{7F02EE62-5DF4-4A7E-8F68-3EE034FFD951}.Release|Any CPU.Build.0 = Release|Any CPU
		{64D62BFF-ADD3-42F9-9D59-7C4DC60B1442}.Debug|Any CPU.ActiveCfg = Debug|Any CPU
		{64D62BFF-ADD3-42F9-9D59-7C4DC60B1442}.Debug|Any CPU.Build.0 = Debug|Any CPU
		{64D62BFF-ADD3-42F9-9D59-7C4DC60B1442}.Release|Any CPU.ActiveCfg = Release|Any CPU
		{64D62BFF-ADD3-42F9-9D59-7C4DC60B1442}.Release|Any CPU.Build.0 = Release|Any CPU
		{912DCB00-EF9C-468F-9326-D7C9CEC4C6D5}.Debug|Any CPU.ActiveCfg = Debug|Any CPU
		{912DCB00-EF9C-468F-9326-D7C9CEC4C6D5}.Debug|Any CPU.Build.0 = Debug|Any CPU
		{912DCB00-EF9C-468F-9326-D7C9CEC4C6D5}.Release|Any CPU.ActiveCfg = Release|Any CPU
		{912DCB00-EF9C-468F-9326-D7C9CEC4C6D5}.Release|Any CPU.Build.0 = Release|Any CPU
		{1BC5978D-EAEA-4411-857D-11521EBC3FA2}.Debug|Any CPU.ActiveCfg = Debug|Any CPU
		{1BC5978D-EAEA-4411-857D-11521EBC3FA2}.Debug|Any CPU.Build.0 = Debug|Any CPU
		{1BC5978D-EAEA-4411-857D-11521EBC3FA2}.Release|Any CPU.ActiveCfg = Release|Any CPU
		{1BC5978D-EAEA-4411-857D-11521EBC3FA2}.Release|Any CPU.Build.0 = Release|Any CPU
		{7B62E790-C491-4D66-A457-CE7D75215A25}.Debug|Any CPU.ActiveCfg = Debug|Any CPU
		{7B62E790-C491-4D66-A457-CE7D75215A25}.Debug|Any CPU.Build.0 = Debug|Any CPU
		{7B62E790-C491-4D66-A457-CE7D75215A25}.Release|Any CPU.ActiveCfg = Release|Any CPU
		{7B62E790-C491-4D66-A457-CE7D75215A25}.Release|Any CPU.Build.0 = Release|Any CPU
		{921E7226-FE37-44E4-9E25-5BF67ACAD812}.Debug|Any CPU.ActiveCfg = Debug|Any CPU
		{921E7226-FE37-44E4-9E25-5BF67ACAD812}.Debug|Any CPU.Build.0 = Debug|Any CPU
		{921E7226-FE37-44E4-9E25-5BF67ACAD812}.Release|Any CPU.ActiveCfg = Release|Any CPU
		{921E7226-FE37-44E4-9E25-5BF67ACAD812}.Release|Any CPU.Build.0 = Release|Any CPU
		{5338C708-DBE9-45A4-A5F5-022E904AA650}.Debug|Any CPU.ActiveCfg = Debug|Any CPU
		{5338C708-DBE9-45A4-A5F5-022E904AA650}.Debug|Any CPU.Build.0 = Debug|Any CPU
		{5338C708-DBE9-45A4-A5F5-022E904AA650}.Release|Any CPU.ActiveCfg = Release|Any CPU
		{5338C708-DBE9-45A4-A5F5-022E904AA650}.Release|Any CPU.Build.0 = Release|Any CPU
		{2B27BD66-7E67-491A-A2D7-8C02F755486A}.Debug|Any CPU.ActiveCfg = Debug|Any CPU
		{2B27BD66-7E67-491A-A2D7-8C02F755486A}.Debug|Any CPU.Build.0 = Debug|Any CPU
		{2B27BD66-7E67-491A-A2D7-8C02F755486A}.Release|Any CPU.ActiveCfg = Release|Any CPU
		{2B27BD66-7E67-491A-A2D7-8C02F755486A}.Release|Any CPU.Build.0 = Release|Any CPU
		{0D70F62B-74EE-4066-8414-7A66AB8715F3}.Debug|Any CPU.ActiveCfg = Debug|Any CPU
		{0D70F62B-74EE-4066-8414-7A66AB8715F3}.Debug|Any CPU.Build.0 = Debug|Any CPU
		{0D70F62B-74EE-4066-8414-7A66AB8715F3}.Release|Any CPU.ActiveCfg = Release|Any CPU
		{0D70F62B-74EE-4066-8414-7A66AB8715F3}.Release|Any CPU.Build.0 = Release|Any CPU
		{7A0688B9-61D5-407C-BC9B-061D77FEF961}.Debug|Any CPU.ActiveCfg = Debug|Any CPU
		{7A0688B9-61D5-407C-BC9B-061D77FEF961}.Debug|Any CPU.Build.0 = Debug|Any CPU
		{7A0688B9-61D5-407C-BC9B-061D77FEF961}.Release|Any CPU.ActiveCfg = Release|Any CPU
		{7A0688B9-61D5-407C-BC9B-061D77FEF961}.Release|Any CPU.Build.0 = Release|Any CPU
		{383478B1-EA17-4F20-8D8F-546607194637}.Debug|Any CPU.ActiveCfg = Debug|Any CPU
		{383478B1-EA17-4F20-8D8F-546607194637}.Debug|Any CPU.Build.0 = Debug|Any CPU
		{383478B1-EA17-4F20-8D8F-546607194637}.Release|Any CPU.ActiveCfg = Release|Any CPU
		{383478B1-EA17-4F20-8D8F-546607194637}.Release|Any CPU.Build.0 = Release|Any CPU
		{B5AD0C13-7119-4DF8-849F-7ADF49EC43E5}.Debug|Any CPU.ActiveCfg = Debug|Any CPU
		{B5AD0C13-7119-4DF8-849F-7ADF49EC43E5}.Debug|Any CPU.Build.0 = Debug|Any CPU
		{B5AD0C13-7119-4DF8-849F-7ADF49EC43E5}.Release|Any CPU.ActiveCfg = Release|Any CPU
		{B5AD0C13-7119-4DF8-849F-7ADF49EC43E5}.Release|Any CPU.Build.0 = Release|Any CPU
		{1ABC2771-8F16-4B6A-9CAA-036E9F09CBF6}.Debug|Any CPU.ActiveCfg = Debug|Any CPU
		{1ABC2771-8F16-4B6A-9CAA-036E9F09CBF6}.Debug|Any CPU.Build.0 = Debug|Any CPU
		{1ABC2771-8F16-4B6A-9CAA-036E9F09CBF6}.Release|Any CPU.ActiveCfg = Release|Any CPU
		{1ABC2771-8F16-4B6A-9CAA-036E9F09CBF6}.Release|Any CPU.Build.0 = Release|Any CPU
	EndGlobalSection
	GlobalSection(SolutionProperties) = preSolution
		HideSolutionNode = FALSE
	EndGlobalSection
	GlobalSection(NestedProjects) = preSolution
		{243312F5-C069-441F-8CA0-0B2533582ED4} = {61FA97CD-7F4E-40CD-A462-F74C157568D6}
		{0D6E5ACA-1F9E-4E46-A4DF-B9C9E32DA9DD} = {243312F5-C069-441F-8CA0-0B2533582ED4}
		{C29548A0-5BE7-4AB1-B720-4EF833CCEBE3} = {243312F5-C069-441F-8CA0-0B2533582ED4}
		{C1B1F912-018C-474D-905E-4ED2266EACE6} = {028D20E0-FAF3-4052-B29D-6CB71C4AE75C}
		{68EFDAB6-8E90-4176-9168-CFDF8FE0687E} = {61FA97CD-7F4E-40CD-A462-F74C157568D6}
		{24A03651-2A7F-4D14-95DF-84E1B302E4C1} = {10AEF144-7A48-4915-B3FB-E0DC948F6FBC}
		{BAA082ED-6F89-4912-9B5C-55FD604EB1E7} = {10AEF144-7A48-4915-B3FB-E0DC948F6FBC}
		{60106EFA-66D8-4913-82CE-30A932211AC1} = {10AEF144-7A48-4915-B3FB-E0DC948F6FBC}
		{6D5A81DA-C0F9-4327-97EF-2EEFFC3742BF} = {10AEF144-7A48-4915-B3FB-E0DC948F6FBC}
		{C13296AF-C022-4EC0-B6A2-EFBAC1C70B62} = {10AEF144-7A48-4915-B3FB-E0DC948F6FBC}
		{78B68D3B-62A6-4616-AA91-BA4D706BDA1B} = {10AEF144-7A48-4915-B3FB-E0DC948F6FBC}
		{028D20E0-FAF3-4052-B29D-6CB71C4AE75C} = {61FA97CD-7F4E-40CD-A462-F74C157568D6}
		{DBE34C6E-3C13-4728-B3E3-67C3B77D076D} = {028D20E0-FAF3-4052-B29D-6CB71C4AE75C}
		{02916515-F7D7-4642-BB09-236BBC579424} = {0D49C4FB-58AD-4B34-AD63-871A4385A417}
		{0D49C4FB-58AD-4B34-AD63-871A4385A417} = {61FA97CD-7F4E-40CD-A462-F74C157568D6}
		{F7F31F75-ED57-496D-8029-D810C9D65F7D} = {243312F5-C069-441F-8CA0-0B2533582ED4}
		{5DFD083D-A56C-414A-BB3A-740FEDADC993} = {D9B3C6E1-5277-46E0-805E-28CF43F63519}
		{1C9D9872-F79C-4EF5-9BD4-02DB2158E2E1} = {1E26AC20-E60A-4101-B8F1-36C768FB57C1}
		{86859C1D-2977-4790-B0E6-D157599DD086} = {5CBA5D1A-6340-46FE-9449-2C743F5D6D40}
		{F6A84FA8-A530-4500-8FFF-5DD2DE0B00B1} = {D9B3C6E1-5277-46E0-805E-28CF43F63519}
		{0EBB57A8-1D5F-4C87-BFA6-A8EFAC9CA2E3} = {A756ED80-9B88-4CF7-AD42-6A65A3FFF445}
		{99349981-32F6-4BC9-B7E1-B3CD53267C81} = {9C87C710-B3B5-442B-AC04-6572C2E0B5A9}
		{2DB259C0-0D8F-4502-A8C8-05A43DDA716A} = {9C87C710-B3B5-442B-AC04-6572C2E0B5A9}
		{F8B0C3B6-93F0-4A72-BE9A-EE1A8EEDFA95} = {A756ED80-9B88-4CF7-AD42-6A65A3FFF445}
		{A034CAB3-E917-4FFC-9E81-CB5CB2E62F56} = {75093408-3A12-4CFB-96C9-3D2562726F97}
		{D67C1DFC-835E-49A7-8C84-F641100480B6} = {D0FF38BA-446C-4158-BC0C-133DB29382BF}
		{FA5EC9A1-2B9A-40DB-9078-9DB9592F9359} = {7C9FF527-80B9-4926-83FE-8C3A00DF66F8}
		{7C9FF527-80B9-4926-83FE-8C3A00DF66F8} = {9C87C710-B3B5-442B-AC04-6572C2E0B5A9}
		{8F0A109B-F126-4344-B276-5EB4B819E283} = {7C9FF527-80B9-4926-83FE-8C3A00DF66F8}
		{4DAEB9D7-1A3E-408F-A464-6DB6445DC55B} = {9C87C710-B3B5-442B-AC04-6572C2E0B5A9}
		{64ED8F47-D39D-4A35-8624-9E97E3CD6790} = {4DAEB9D7-1A3E-408F-A464-6DB6445DC55B}
		{A1ED8EFB-E11D-48CD-B513-B963048DEAD8} = {A756ED80-9B88-4CF7-AD42-6A65A3FFF445}
		{BA9C66D7-B869-4382-A6E1-1F8F42470247} = {D9B3C6E1-5277-46E0-805E-28CF43F63519}
		{1E26AC20-E60A-4101-B8F1-36C768FB57C1} = {D9B3C6E1-5277-46E0-805E-28CF43F63519}
		{AE99AE2D-5CAA-408B-BDE5-F76019FDC0B5} = {1E26AC20-E60A-4101-B8F1-36C768FB57C1}
		{3EE50305-8FB9-42AC-AC67-8F171D57ED08} = {D9B3C6E1-5277-46E0-805E-28CF43F63519}
		{1C74E8AD-3848-4AD1-ADFA-D4A3AF5E12FC} = {D14BE71D-7E4E-4928-8295-0D3E840CF74A}
		{04806FB2-0E92-4EF0-9899-9C37E9E8F0D5} = {D14BE71D-7E4E-4928-8295-0D3E840CF74A}
		{0F4B15BD-8773-4B44-83CF-541788D74F68} = {A756ED80-9B88-4CF7-AD42-6A65A3FFF445}
		{F5ACA45D-B37D-48AB-824D-8D29C47709F8} = {A756ED80-9B88-4CF7-AD42-6A65A3FFF445}
		{78C0C1C7-45EF-4B84-97B6-97CEE6529AA9} = {9C87C710-B3B5-442B-AC04-6572C2E0B5A9}
		{7760BC12-5CD9-4ED2-A37E-3560DB8F819B} = {A608E77D-FB64-4276-9FFD-E8D9DC7E7E42}
		{029E9138-5B3A-41A8-9818-EE6A74F61EDD} = {9C87C710-B3B5-442B-AC04-6572C2E0B5A9}
		{D9A82305-8362-41EB-8718-51A8C7EF1206} = {029E9138-5B3A-41A8-9818-EE6A74F61EDD}
		{420C9772-CABC-471F-95EC-B9830DC6DCA8} = {9C87C710-B3B5-442B-AC04-6572C2E0B5A9}
		{45C54B67-6789-4A1B-ADAD-BE06E0E0A65C} = {E882D755-CF06-4E43-9D5F-D1C26AEE30A8}
		{70C959DA-94DF-418E-812D-7D79054C1F0B} = {A756ED80-9B88-4CF7-AD42-6A65A3FFF445}
		{087C688F-2DBC-4243-8693-288DAA6F8A0B} = {9C87C710-B3B5-442B-AC04-6572C2E0B5A9}
		{9F2A1526-555B-46CF-85F4-514F97C65936} = {9C87C710-B3B5-442B-AC04-6572C2E0B5A9}
		{B0B40BB9-2B14-4A2C-9104-7DCED8A84EE7} = {9C87C710-B3B5-442B-AC04-6572C2E0B5A9}
		{55E0C874-7DF3-47D3-84F2-4C4D347DC0E6} = {9C87C710-B3B5-442B-AC04-6572C2E0B5A9}
		{FD0B1C67-A55C-41B7-B80B-BE76A452FBDC} = {55E0C874-7DF3-47D3-84F2-4C4D347DC0E6}
		{A67181B2-525F-4F06-8C19-6590CB8BEB90} = {61FA97CD-7F4E-40CD-A462-F74C157568D6}
		{64F978B3-C71E-42F0-B69B-C0A7FD29D760} = {9C87C710-B3B5-442B-AC04-6572C2E0B5A9}
		{20B657D8-84E9-4664-94D0-3C6087BB18AC} = {028D20E0-FAF3-4052-B29D-6CB71C4AE75C}
		{F9B349B8-5CC5-4695-993A-825975577269} = {A756ED80-9B88-4CF7-AD42-6A65A3FFF445}
		{96C52CC7-9E83-4C6A-A9B7-A926E5746729} = {967F1798-B1C1-401E-AF43-5480EB693ADF}
		{967F1798-B1C1-401E-AF43-5480EB693ADF} = {9C87C710-B3B5-442B-AC04-6572C2E0B5A9}
		{958161CB-B2A3-41CA-9BE3-27F271B95CC7} = {967F1798-B1C1-401E-AF43-5480EB693ADF}
		{CA6C9341-71B2-44FB-B768-9AD8384929E6} = {4DAEB9D7-1A3E-408F-A464-6DB6445DC55B}
		{29441B11-C997-4C1B-BEE8-AF62122E37DD} = {9C87C710-B3B5-442B-AC04-6572C2E0B5A9}
		{12FA95DC-6BE1-4235-8140-5961EA425F95} = {9C87C710-B3B5-442B-AC04-6572C2E0B5A9}
		{2E34DC8C-C886-400F-88F7-BE09F330760D} = {9C87C710-B3B5-442B-AC04-6572C2E0B5A9}
		{B7CFED29-2DA1-45DA-9542-C0FC211696BA} = {9D6397F3-5688-452C-AC4D-AEC69A4CF0CE}
		{50DCA3E2-04E5-479C-B465-D3F9EF620B43} = {55E0C874-7DF3-47D3-84F2-4C4D347DC0E6}
		{FAA0EB68-3988-489D-8651-25172D203540} = {9D6397F3-5688-452C-AC4D-AEC69A4CF0CE}
		{BEF98E4D-CE3E-4984-BFD1-335139B36BA4} = {55E0C874-7DF3-47D3-84F2-4C4D347DC0E6}
		{D3B7ADF0-712A-4A14-943C-5F011F1BF039} = {9C87C710-B3B5-442B-AC04-6572C2E0B5A9}
		{5C9462B4-CF12-4A53-AC2F-BA0B4488F4F9} = {40E8F81F-A80D-497D-BDC0-980F8FB44584}
		{40E8F81F-A80D-497D-BDC0-980F8FB44584} = {9C87C710-B3B5-442B-AC04-6572C2E0B5A9}
		{A2521A1F-B551-4C4B-B68F-356A92285779} = {40E8F81F-A80D-497D-BDC0-980F8FB44584}
		{6ED41173-E529-4D6D-92D5-0B29DE76ABAC} = {9C87C710-B3B5-442B-AC04-6572C2E0B5A9}
		{71AA5123-A9AC-4619-B3D5-5849D51BB7E0} = {C1AAFC6E-74BF-4109-BD4E-F998C9B9436E}
		{C1AAFC6E-74BF-4109-BD4E-F998C9B9436E} = {9C87C710-B3B5-442B-AC04-6572C2E0B5A9}
		{D3E69539-F5C7-4A93-B500-A961DD3072C0} = {9C87C710-B3B5-442B-AC04-6572C2E0B5A9}
		{6A43EB47-617B-46F5-9FD5-1C822D2AC54D} = {D3E69539-F5C7-4A93-B500-A961DD3072C0}
		{D94F2D0F-715C-4908-9948-383A08BDA1AB} = {D3E69539-F5C7-4A93-B500-A961DD3072C0}
		{B62BDECC-6D28-440F-8351-EB13576615EA} = {ECA3F39A-6974-4992-B86F-E3240912EAC1}
		{4B7A6364-D3FE-4FB5-BC8C-2EFCC0310E7D} = {9C87C710-B3B5-442B-AC04-6572C2E0B5A9}
		{E94AAF3C-F704-454E-AC5A-021D23627507} = {4B7A6364-D3FE-4FB5-BC8C-2EFCC0310E7D}
		{BF699A51-A363-4F20-A741-ABE88C9B5BFA} = {4B7A6364-D3FE-4FB5-BC8C-2EFCC0310E7D}
		{23283CCA-215B-454F-BB4E-AF9627A1DB37} = {D3E69539-F5C7-4A93-B500-A961DD3072C0}
		{990E6504-9172-4117-A17C-E55A7C3CA23A} = {39BCE539-6CF6-4B12-BBF8-74D8139F6BCB}
		{75093408-3A12-4CFB-96C9-3D2562726F97} = {9C87C710-B3B5-442B-AC04-6572C2E0B5A9}
		{AF3F0108-BFC1-48A4-BB4F-6CD478752640} = {75093408-3A12-4CFB-96C9-3D2562726F97}
		{D14BE71D-7E4E-4928-8295-0D3E840CF74A} = {9C87C710-B3B5-442B-AC04-6572C2E0B5A9}
		{BFBFD3C5-1D83-4412-AC22-F3F682CF5DBE} = {40E8F81F-A80D-497D-BDC0-980F8FB44584}
		{B7FE4658-0752-4B33-ADEB-12EE716738E7} = {9C87C710-B3B5-442B-AC04-6572C2E0B5A9}
		{43B393DF-631E-46FD-B86E-13CE37CA0515} = {B7FE4658-0752-4B33-ADEB-12EE716738E7}
		{A756ED80-9B88-4CF7-AD42-6A65A3FFF445} = {9C87C710-B3B5-442B-AC04-6572C2E0B5A9}
		{9D6397F3-5688-452C-AC4D-AEC69A4CF0CE} = {9C87C710-B3B5-442B-AC04-6572C2E0B5A9}
		{E0004DE0-EBF7-4DDB-9C4B-4DBD97464899} = {40E8F81F-A80D-497D-BDC0-980F8FB44584}
		{C9E45077-4EB0-4E87-B2A1-4D715E61E0D1} = {D3E69539-F5C7-4A93-B500-A961DD3072C0}
		{F2F09B5D-96CC-4556-A889-338F5CF90B3B} = {75093408-3A12-4CFB-96C9-3D2562726F97}
		{B271DB68-7F17-4F46-AF0B-5E9596577F08} = {9C87C710-B3B5-442B-AC04-6572C2E0B5A9}
		{6F6C3C71-D5B5-483D-AE05-1B40B2909B99} = {40E8F81F-A80D-497D-BDC0-980F8FB44584}
		{AE429984-4DA9-4491-A880-3F3A62298DC1} = {9C87C710-B3B5-442B-AC04-6572C2E0B5A9}
		{CEEB92AC-5160-4E21-8D0A-A6624A429528} = {AE429984-4DA9-4491-A880-3F3A62298DC1}
		{ACCEDB29-2FA9-4D64-BFB4-F9E5B800177C} = {9C87C710-B3B5-442B-AC04-6572C2E0B5A9}
		{E9008D63-74FE-4329-B38D-F34539D7D566} = {ACCEDB29-2FA9-4D64-BFB4-F9E5B800177C}
		{8E073385-00BA-4119-B840-AA55D978F0E8} = {ACCEDB29-2FA9-4D64-BFB4-F9E5B800177C}
		{B6D7A692-2D41-4F62-96B2-7F4BEBC306A4} = {61FA97CD-7F4E-40CD-A462-F74C157568D6}
		{2FFAF820-47BB-4DFA-8EFA-E704B07BD2AC} = {9C87C710-B3B5-442B-AC04-6572C2E0B5A9}
		{4D3C5730-42C4-49D0-88D1-C67157E40A72} = {9C87C710-B3B5-442B-AC04-6572C2E0B5A9}
		{BF67E8EE-870E-46BC-A464-5BE745EDDD7A} = {4D3C5730-42C4-49D0-88D1-C67157E40A72}
		{BC5E5969-7D7B-4D22-997B-8A0DBC7ECD34} = {B7FE4658-0752-4B33-ADEB-12EE716738E7}
		{BE3B1CEC-F6F1-4194-94C4-426BA1450F29} = {4DAEB9D7-1A3E-408F-A464-6DB6445DC55B}
		{B7DFD037-0238-45A5-87CC-5CCB4DDEB77A} = {A608E77D-FB64-4276-9FFD-E8D9DC7E7E42}
		{1A2D6098-560E-4B93-80B2-43B963C11A23} = {0CDE0C18-36EA-4138-BE5F-793B3E9D6EB3}
		{19AAA40D-5DDF-417F-8005-DD0A03256BCC} = {9C87C710-B3B5-442B-AC04-6572C2E0B5A9}
		{1A40A4EF-F1DC-4AD7-B54F-9483DE0D8E8F} = {9C87C710-B3B5-442B-AC04-6572C2E0B5A9}
		{429CCC80-D1F7-4F09-A9D4-569C42F632CF} = {1A40A4EF-F1DC-4AD7-B54F-9483DE0D8E8F}
		{80D5900D-B4E0-4D68-8058-B52D9048F8B0} = {9C87C710-B3B5-442B-AC04-6572C2E0B5A9}
		{74C6D672-13F5-4637-AD85-D92B0F40579B} = {A756ED80-9B88-4CF7-AD42-6A65A3FFF445}
		{48CE6A81-6CB9-44AB-B3F7-38D64C3A1C81} = {D77B397C-4137-42D0-B09A-DB03A7B4DBD4}
		{ED5DD305-828B-421B-AE42-053677E1017A} = {4BA59C3F-70BB-4B6D-A1EA-54F8926BDD6E}
		{1AB6B262-583F-4304-9D45-6172CDB55A4F} = {029E9138-5B3A-41A8-9818-EE6A74F61EDD}
		{AEFF4662-0EE0-4BED-97E5-B4E83F941D57} = {4ACEE8F5-FB62-48EC-8572-30B1224A93D9}
		{5030315E-84D0-46E6-9268-F503E2B8F4DE} = {D77B397C-4137-42D0-B09A-DB03A7B4DBD4}
		{F9FF1DCD-B4DC-4FA0-BE30-2207C3AD677B} = {D77B397C-4137-42D0-B09A-DB03A7B4DBD4}
		{7F02EE62-5DF4-4A7E-8F68-3EE034FFD951} = {D77B397C-4137-42D0-B09A-DB03A7B4DBD4}
		{64D62BFF-ADD3-42F9-9D59-7C4DC60B1442} = {39BCE539-6CF6-4B12-BBF8-74D8139F6BCB}
		{912DCB00-EF9C-468F-9326-D7C9CEC4C6D5} = {D77B397C-4137-42D0-B09A-DB03A7B4DBD4}
		{1BC5978D-EAEA-4411-857D-11521EBC3FA2} = {4ACEE8F5-FB62-48EC-8572-30B1224A93D9}
		{7B62E790-C491-4D66-A457-CE7D75215A25} = {D77B397C-4137-42D0-B09A-DB03A7B4DBD4}
		{921E7226-FE37-44E4-9E25-5BF67ACAD812} = {D77B397C-4137-42D0-B09A-DB03A7B4DBD4}
		{4ACEE8F5-FB62-48EC-8572-30B1224A93D9} = {D77B397C-4137-42D0-B09A-DB03A7B4DBD4}
		{5338C708-DBE9-45A4-A5F5-022E904AA650} = {4ACEE8F5-FB62-48EC-8572-30B1224A93D9}
		{2B27BD66-7E67-491A-A2D7-8C02F755486A} = {2716CA6A-6635-4A3F-86A2-7194DA914F9E}
		{0D70F62B-74EE-4066-8414-7A66AB8715F3} = {2716CA6A-6635-4A3F-86A2-7194DA914F9E}
		{2716CA6A-6635-4A3F-86A2-7194DA914F9E} = {D77B397C-4137-42D0-B09A-DB03A7B4DBD4}
		{7A0688B9-61D5-407C-BC9B-061D77FEF961} = {2716CA6A-6635-4A3F-86A2-7194DA914F9E}
		{383478B1-EA17-4F20-8D8F-546607194637} = {2716CA6A-6635-4A3F-86A2-7194DA914F9E}
		{133242F9-90C5-466C-B85E-80B692962485} = {2716CA6A-6635-4A3F-86A2-7194DA914F9E}
		{B5AD0C13-7119-4DF8-849F-7ADF49EC43E5} = {133242F9-90C5-466C-B85E-80B692962485}
		{89C2CF5B-6E84-421F-9FEE-CCFD41E486A4} = {2716CA6A-6635-4A3F-86A2-7194DA914F9E}
		{1ABC2771-8F16-4B6A-9CAA-036E9F09CBF6} = {89C2CF5B-6E84-421F-9FEE-CCFD41E486A4}
	EndGlobalSection
	GlobalSection(ExtensibilityGlobals) = postSolution
		SolutionGuid = {11C930E6-50C3-41A3-85BC-C9980F374C50}
	EndGlobalSection
EndGlobal
