
Microsoft Visual Studio Solution File, Format Version 12.00
# Visual Studio Version 17
VisualStudioVersion = 17.4.33103.184
MinimumVisualStudioVersion = 10.0.40219.1
Project("{2150E333-8FDC-42A3-9474-1A3956D46DE8}") = "C Sharp 11", "C Sharp 11", "{61FA97CD-7F4E-40CD-A462-F74C157568D6}"
EndProject
Project("{2150E333-8FDC-42A3-9474-1A3956D46DE8}") = "Generic Math", "Generic Math", "{243312F5-C069-441F-8CA0-0B2533582ED4}"
EndProject
Project("{9A19103F-16F7-4668-BE54-9A1E7A4F7556}") = "GenericMathLibrary", "GenericMathLibrary\GenericMathLibrary.csproj", "{0D6E5ACA-1F9E-4E46-A4DF-B9C9E32DA9DD}"
EndProject
Project("{9A19103F-16F7-4668-BE54-9A1E7A4F7556}") = "GenericMathConsoleApp", "GenericMathConsoleApp\GenericMathConsoleApp.csproj", "{C29548A0-5BE7-4AB1-B720-4EF833CCEBE3}"
EndProject
Project("{9A19103F-16F7-4668-BE54-9A1E7A4F7556}") = "RawStringLiteralsApp", "RawStringLiteralsApp\RawStringLiteralsApp.csproj", "{C1B1F912-018C-474D-905E-4ED2266EACE6}"
EndProject
Project("{9A19103F-16F7-4668-BE54-9A1E7A4F7556}") = "ListPatternApp", "ListPatternApp\ListPatternApp.csproj", "{68EFDAB6-8E90-4176-9168-CFDF8FE0687E}"
EndProject
Project("{2150E333-8FDC-42A3-9474-1A3956D46DE8}") = "Solution Items", "Solution Items", "{217BD5BF-EE8D-4A66-81B5-B30F04DF7BF8}"
	ProjectSection(SolutionItems) = preProject
		readme.md = readme.md
		scriptsDump.sql = scriptsDump.sql
	EndProjectSection
EndProject
Project("{2150E333-8FDC-42A3-9474-1A3956D46DE8}") = "EF Core 7", "EF Core 7", "{10AEF144-7A48-4915-B3FB-E0DC948F6FBC}"
EndProject
Project("{9A19103F-16F7-4668-BE54-9A1E7A4F7556}") = "ExecuteUpdateSample", "ExecuteUpdateSample\ExecuteUpdateSample.csproj", "{24A03651-2A7F-4D14-95DF-84E1B302E4C1}"
EndProject
Project("{9A19103F-16F7-4668-BE54-9A1E7A4F7556}") = "ExecuteDeleteSample", "ExecuteDeleteSample\ExecuteDeleteSample.csproj", "{BAA082ED-6F89-4912-9B5C-55FD604EB1E7}"
EndProject
Project("{9A19103F-16F7-4668-BE54-9A1E7A4F7556}") = "IMaterializationInterceptorSample", "IMaterializationInterceptorSample\IMaterializationInterceptorSample.csproj", "{60106EFA-66D8-4913-82CE-30A932211AC1}"
EndProject
Project("{9A19103F-16F7-4668-BE54-9A1E7A4F7556}") = "ConnectingToDatabase", "ConnectingToDatabase\ConnectingToDatabase.csproj", "{6D5A81DA-C0F9-4327-97EF-2EEFFC3742BF}"
EndProject
Project("{9A19103F-16F7-4668-BE54-9A1E7A4F7556}") = "GetStartedWinForms", "GetStartedWinForms\GetStartedWinForms.csproj", "{C13296AF-C022-4EC0-B6A2-EFBAC1C70B62}"
EndProject
Project("{9A19103F-16F7-4668-BE54-9A1E7A4F7556}") = "TableSplittingSample", "TableSplittingSample\TableSplittingSample.csproj", "{78B68D3B-62A6-4616-AA91-BA4D706BDA1B}"
EndProject
Project("{2150E333-8FDC-42A3-9474-1A3956D46DE8}") = "Raw string literals", "Raw string literals", "{028D20E0-FAF3-4052-B29D-6CB71C4AE75C}"
EndProject
Project("{9A19103F-16F7-4668-BE54-9A1E7A4F7556}") = "JsonExample", "RawStringLiteralsJsonExample\JsonExample.csproj", "{DBE34C6E-3C13-4728-B3E3-67C3B77D076D}"
EndProject
Project("{9A19103F-16F7-4668-BE54-9A1E7A4F7556}") = "NumericMethodsApp", "NumericMethodsApp\NumericMethodsApp.csproj", "{02916515-F7D7-4642-BB09-236BBC579424}"
EndProject
Project("{2150E333-8FDC-42A3-9474-1A3956D46DE8}") = "Number methods", "Number methods", "{0D49C4FB-58AD-4B34-AD63-871A4385A417}"
EndProject
Project("{9A19103F-16F7-4668-BE54-9A1E7A4F7556}") = "GenericMathListPatternConsoleApp", "GenericMathListPatternConsoleApp\GenericMathListPatternConsoleApp.csproj", "{F7F31F75-ED57-496D-8029-D810C9D65F7D}"
EndProject
Project("{2150E333-8FDC-42A3-9474-1A3956D46DE8}") = "EF Core 8", "EF Core 8", "{D9B3C6E1-5277-46E0-805E-28CF43F63519}"
EndProject
Project("{9A19103F-16F7-4668-BE54-9A1E7A4F7556}") = "NorthWind2023App", "NorthWind2023App\NorthWind2023App.csproj", "{5DFD083D-A56C-414A-BB3A-740FEDADC993}"
EndProject
Project("{9A19103F-16F7-4668-BE54-9A1E7A4F7556}") = "NorthWind2023Library", "NorthWind2023Library\NorthWind2023Library.csproj", "{1C9D9872-F79C-4EF5-9BD4-02DB2158E2E1}"
EndProject
Project("{9A19103F-16F7-4668-BE54-9A1E7A4F7556}") = "KP_ConsoleAppNet8", "KP_ConsoleAppNet8\KP_ConsoleAppNet8.csproj", "{86859C1D-2977-4790-B0E6-D157599DD086}"
EndProject
Project("{9A19103F-16F7-4668-BE54-9A1E7A4F7556}") = "ComplexTypesSampleApp", "ComplexTypesSampleApp\ComplexTypesSampleApp.csproj", "{F6A84FA8-A530-4500-8FFF-5DD2DE0B00B1}"
EndProject
Project("{2150E333-8FDC-42A3-9474-1A3956D46DE8}") = "C Sharp 12", "C Sharp 12", "{9C87C710-B3B5-442B-AC04-6572C2E0B5A9}"
EndProject
Project("{9A19103F-16F7-4668-BE54-9A1E7A4F7556}") = "UsingAliasExample", "UsingAliasExample\UsingAliasExample.csproj", "{0EBB57A8-1D5F-4C87-BFA6-A8EFAC9CA2E3}"
EndProject
Project("{9A19103F-16F7-4668-BE54-9A1E7A4F7556}") = "TimeApp", "TimeApp\TimeApp.csproj", "{99349981-32F6-4BC9-B7E1-B3CD53267C81}"
EndProject
Project("{9A19103F-16F7-4668-BE54-9A1E7A4F7556}") = "NaturalSortApp", "NaturalSortApp\NaturalSortApp.csproj", "{2DB259C0-0D8F-4502-A8C8-05A43DDA716A}"
EndProject
Project("{9A19103F-16F7-4668-BE54-9A1E7A4F7556}") = "CollectionExpressionsApp", "CollectionExpressionsApp\CollectionExpressionsApp.csproj", "{F8B0C3B6-93F0-4A72-BE9A-EE1A8EEDFA95}"
EndProject
Project("{9A19103F-16F7-4668-BE54-9A1E7A4F7556}") = "DumpifySample", "DumpifySample\DumpifySample.csproj", "{A034CAB3-E917-4FFC-9E81-CB5CB2E62F56}"
EndProject
Project("{2150E333-8FDC-42A3-9474-1A3956D46DE8}") = "C Sharp 10", "C Sharp 10", "{D0FF38BA-446C-4158-BC0C-133DB29382BF}"
EndProject
Project("{9A19103F-16F7-4668-BE54-9A1E7A4F7556}") = "PatternMatchingApp1", "PatternMatchingApp1\PatternMatchingApp1.csproj", "{D67C1DFC-835E-49A7-8C84-F641100480B6}"
EndProject
Project("{9A19103F-16F7-4668-BE54-9A1E7A4F7556}") = "AutoIncrementApp", "AutoIncrementApp\AutoIncrementApp.csproj", "{FA5EC9A1-2B9A-40DB-9078-9DB9592F9359}"
EndProject
Project("{2150E333-8FDC-42A3-9474-1A3956D46DE8}") = "AutoIncrement code", "AutoIncrement code", "{7C9FF527-80B9-4926-83FE-8C3A00DF66F8}"
EndProject
Project("{9A19103F-16F7-4668-BE54-9A1E7A4F7556}") = "AutoIncrementLibrary", "AutoIncrementLibrary\AutoIncrementLibrary.csproj", "{8F0A109B-F126-4344-B276-5EB4B819E283}"
EndProject
Project("{2150E333-8FDC-42A3-9474-1A3956D46DE8}") = "WIP", "WIP", "{4DAEB9D7-1A3E-408F-A464-6DB6445DC55B}"
EndProject
Project("{9A19103F-16F7-4668-BE54-9A1E7A4F7556}") = "WinFormsApp1", "WinFormsApp1\WinFormsApp1.csproj", "{64ED8F47-D39D-4A35-8624-9E97E3CD6790}"
EndProject
Project("{9A19103F-16F7-4668-BE54-9A1E7A4F7556}") = "RandomSharedApp", "RandomSharedApp\RandomSharedApp.csproj", "{A1ED8EFB-E11D-48CD-B513-B963048DEAD8}"
EndProject
Project("{9A19103F-16F7-4668-BE54-9A1E7A4F7556}") = "GetBirthDateApp", "GetBirthDateApp\GetBirthDateApp.csproj", "{876849F3-DF92-4D3D-9853-171C7CBEC1B8}"
EndProject
Project("{9A19103F-16F7-4668-BE54-9A1E7A4F7556}") = "EnumHasConversion", "enum-has-conversion\EnumHasConversion.csproj", "{BA9C66D7-B869-4382-A6E1-1F8F42470247}"
EndProject
Project("{2150E333-8FDC-42A3-9474-1A3956D46DE8}") = "Class projects", "Class projects", "{1E26AC20-E60A-4101-B8F1-36C768FB57C1}"
EndProject
Project("{9A19103F-16F7-4668-BE54-9A1E7A4F7556}") = "InterceptorLibrary", "InterceptorLibrary\InterceptorLibrary.csproj", "{AE99AE2D-5CAA-408B-BDE5-F76019FDC0B5}"
EndProject
Project("{9A19103F-16F7-4668-BE54-9A1E7A4F7556}") = "AuditInterceptorSampleApp", "AuditInterceptorSampleApp\AuditInterceptorSampleApp.csproj", "{3EE50305-8FB9-42AC-AC67-8F171D57ED08}"
EndProject
Project("{9A19103F-16F7-4668-BE54-9A1E7A4F7556}") = "ComparableLibrary", "ComparableLibrary\ComparableLibrary.csproj", "{1C74E8AD-3848-4AD1-ADFA-D4A3AF5E12FC}"
EndProject
Project("{9A19103F-16F7-4668-BE54-9A1E7A4F7556}") = "IComparableApp", "IComparableApp\IComparableApp.csproj", "{04806FB2-0E92-4EF0-9899-9C37E9E8F0D5}"
EndProject
Project("{9A19103F-16F7-4668-BE54-9A1E7A4F7556}") = "AliasTypesApp", "AliasTypesApp\AliasTypesApp.csproj", "{0F4B15BD-8773-4B44-83CF-541788D74F68}"
EndProject
Project("{9A19103F-16F7-4668-BE54-9A1E7A4F7556}") = "CommaDelimitedStringCollectionSampleApp", "CommaDelimitedStringCollectionSampleApp\CommaDelimitedStringCollectionSampleApp.csproj", "{F5ACA45D-B37D-48AB-824D-8D29C47709F8}"
EndProject
Project("{9A19103F-16F7-4668-BE54-9A1E7A4F7556}") = "TestProject1", "TestProject1\TestProject1.csproj", "{78C0C1C7-45EF-4B84-97B6-97CEE6529AA9}"
EndProject
Project("{2150E333-8FDC-42A3-9474-1A3956D46DE8}") = "Bogus", "Bogus", "{A608E77D-FB64-4276-9FFD-E8D9DC7E7E42}"
EndProject
Project("{9A19103F-16F7-4668-BE54-9A1E7A4F7556}") = "BogusExtendedApp", "BogusExtendedApp\BogusExtendedApp.csproj", "{7760BC12-5CD9-4ED2-A37E-3560DB8F819B}"
EndProject
Project("{2150E333-8FDC-42A3-9474-1A3956D46DE8}") = "Question of the day projects", "Question of the day projects", "{C7168E24-AB98-41D1-9FFE-9A15043FB1C0}"
EndProject
Project("{9A19103F-16F7-4668-BE54-9A1E7A4F7556}") = "QuestionOfTheDay", "QuestionOfTheDay\QuestionOfTheDay.csproj", "{8EEB83EF-302F-47FB-945E-2CC2EBD01E9C}"
EndProject
Global
	GlobalSection(SolutionConfigurationPlatforms) = preSolution
		Debug|Any CPU = Debug|Any CPU
		Release|Any CPU = Release|Any CPU
	EndGlobalSection
	GlobalSection(ProjectConfigurationPlatforms) = postSolution
		{0D6E5ACA-1F9E-4E46-A4DF-B9C9E32DA9DD}.Debug|Any CPU.ActiveCfg = Debug|Any CPU
		{0D6E5ACA-1F9E-4E46-A4DF-B9C9E32DA9DD}.Debug|Any CPU.Build.0 = Debug|Any CPU
		{0D6E5ACA-1F9E-4E46-A4DF-B9C9E32DA9DD}.Release|Any CPU.ActiveCfg = Release|Any CPU
		{0D6E5ACA-1F9E-4E46-A4DF-B9C9E32DA9DD}.Release|Any CPU.Build.0 = Release|Any CPU
		{C29548A0-5BE7-4AB1-B720-4EF833CCEBE3}.Debug|Any CPU.ActiveCfg = Debug|Any CPU
		{C29548A0-5BE7-4AB1-B720-4EF833CCEBE3}.Debug|Any CPU.Build.0 = Debug|Any CPU
		{C29548A0-5BE7-4AB1-B720-4EF833CCEBE3}.Release|Any CPU.ActiveCfg = Release|Any CPU
		{C29548A0-5BE7-4AB1-B720-4EF833CCEBE3}.Release|Any CPU.Build.0 = Release|Any CPU
		{C1B1F912-018C-474D-905E-4ED2266EACE6}.Debug|Any CPU.ActiveCfg = Debug|Any CPU
		{C1B1F912-018C-474D-905E-4ED2266EACE6}.Debug|Any CPU.Build.0 = Debug|Any CPU
		{C1B1F912-018C-474D-905E-4ED2266EACE6}.Release|Any CPU.ActiveCfg = Release|Any CPU
		{C1B1F912-018C-474D-905E-4ED2266EACE6}.Release|Any CPU.Build.0 = Release|Any CPU
		{68EFDAB6-8E90-4176-9168-CFDF8FE0687E}.Debug|Any CPU.ActiveCfg = Debug|Any CPU
		{68EFDAB6-8E90-4176-9168-CFDF8FE0687E}.Debug|Any CPU.Build.0 = Debug|Any CPU
		{68EFDAB6-8E90-4176-9168-CFDF8FE0687E}.Release|Any CPU.ActiveCfg = Release|Any CPU
		{68EFDAB6-8E90-4176-9168-CFDF8FE0687E}.Release|Any CPU.Build.0 = Release|Any CPU
		{24A03651-2A7F-4D14-95DF-84E1B302E4C1}.Debug|Any CPU.ActiveCfg = Debug|Any CPU
		{24A03651-2A7F-4D14-95DF-84E1B302E4C1}.Debug|Any CPU.Build.0 = Debug|Any CPU
		{24A03651-2A7F-4D14-95DF-84E1B302E4C1}.Release|Any CPU.ActiveCfg = Release|Any CPU
		{24A03651-2A7F-4D14-95DF-84E1B302E4C1}.Release|Any CPU.Build.0 = Release|Any CPU
		{BAA082ED-6F89-4912-9B5C-55FD604EB1E7}.Debug|Any CPU.ActiveCfg = Debug|Any CPU
		{BAA082ED-6F89-4912-9B5C-55FD604EB1E7}.Debug|Any CPU.Build.0 = Debug|Any CPU
		{BAA082ED-6F89-4912-9B5C-55FD604EB1E7}.Release|Any CPU.ActiveCfg = Release|Any CPU
		{BAA082ED-6F89-4912-9B5C-55FD604EB1E7}.Release|Any CPU.Build.0 = Release|Any CPU
		{60106EFA-66D8-4913-82CE-30A932211AC1}.Debug|Any CPU.ActiveCfg = Debug|Any CPU
		{60106EFA-66D8-4913-82CE-30A932211AC1}.Debug|Any CPU.Build.0 = Debug|Any CPU
		{60106EFA-66D8-4913-82CE-30A932211AC1}.Release|Any CPU.ActiveCfg = Release|Any CPU
		{60106EFA-66D8-4913-82CE-30A932211AC1}.Release|Any CPU.Build.0 = Release|Any CPU
		{6D5A81DA-C0F9-4327-97EF-2EEFFC3742BF}.Debug|Any CPU.ActiveCfg = Debug|Any CPU
		{6D5A81DA-C0F9-4327-97EF-2EEFFC3742BF}.Debug|Any CPU.Build.0 = Debug|Any CPU
		{6D5A81DA-C0F9-4327-97EF-2EEFFC3742BF}.Release|Any CPU.ActiveCfg = Release|Any CPU
		{6D5A81DA-C0F9-4327-97EF-2EEFFC3742BF}.Release|Any CPU.Build.0 = Release|Any CPU
		{C13296AF-C022-4EC0-B6A2-EFBAC1C70B62}.Debug|Any CPU.ActiveCfg = Debug|Any CPU
		{C13296AF-C022-4EC0-B6A2-EFBAC1C70B62}.Debug|Any CPU.Build.0 = Debug|Any CPU
		{C13296AF-C022-4EC0-B6A2-EFBAC1C70B62}.Release|Any CPU.ActiveCfg = Release|Any CPU
		{C13296AF-C022-4EC0-B6A2-EFBAC1C70B62}.Release|Any CPU.Build.0 = Release|Any CPU
		{78B68D3B-62A6-4616-AA91-BA4D706BDA1B}.Debug|Any CPU.ActiveCfg = Debug|Any CPU
		{78B68D3B-62A6-4616-AA91-BA4D706BDA1B}.Debug|Any CPU.Build.0 = Debug|Any CPU
		{78B68D3B-62A6-4616-AA91-BA4D706BDA1B}.Release|Any CPU.ActiveCfg = Release|Any CPU
		{78B68D3B-62A6-4616-AA91-BA4D706BDA1B}.Release|Any CPU.Build.0 = Release|Any CPU
		{DBE34C6E-3C13-4728-B3E3-67C3B77D076D}.Debug|Any CPU.ActiveCfg = Debug|Any CPU
		{DBE34C6E-3C13-4728-B3E3-67C3B77D076D}.Debug|Any CPU.Build.0 = Debug|Any CPU
		{DBE34C6E-3C13-4728-B3E3-67C3B77D076D}.Release|Any CPU.ActiveCfg = Release|Any CPU
		{DBE34C6E-3C13-4728-B3E3-67C3B77D076D}.Release|Any CPU.Build.0 = Release|Any CPU
		{02916515-F7D7-4642-BB09-236BBC579424}.Debug|Any CPU.ActiveCfg = Debug|Any CPU
		{02916515-F7D7-4642-BB09-236BBC579424}.Debug|Any CPU.Build.0 = Debug|Any CPU
		{02916515-F7D7-4642-BB09-236BBC579424}.Release|Any CPU.ActiveCfg = Release|Any CPU
		{02916515-F7D7-4642-BB09-236BBC579424}.Release|Any CPU.Build.0 = Release|Any CPU
		{F7F31F75-ED57-496D-8029-D810C9D65F7D}.Debug|Any CPU.ActiveCfg = Debug|Any CPU
		{F7F31F75-ED57-496D-8029-D810C9D65F7D}.Debug|Any CPU.Build.0 = Debug|Any CPU
		{F7F31F75-ED57-496D-8029-D810C9D65F7D}.Release|Any CPU.ActiveCfg = Release|Any CPU
		{F7F31F75-ED57-496D-8029-D810C9D65F7D}.Release|Any CPU.Build.0 = Release|Any CPU
		{5DFD083D-A56C-414A-BB3A-740FEDADC993}.Debug|Any CPU.ActiveCfg = Debug|Any CPU
		{5DFD083D-A56C-414A-BB3A-740FEDADC993}.Debug|Any CPU.Build.0 = Debug|Any CPU
		{5DFD083D-A56C-414A-BB3A-740FEDADC993}.Release|Any CPU.ActiveCfg = Release|Any CPU
		{5DFD083D-A56C-414A-BB3A-740FEDADC993}.Release|Any CPU.Build.0 = Release|Any CPU
		{1C9D9872-F79C-4EF5-9BD4-02DB2158E2E1}.Debug|Any CPU.ActiveCfg = Debug|Any CPU
		{1C9D9872-F79C-4EF5-9BD4-02DB2158E2E1}.Debug|Any CPU.Build.0 = Debug|Any CPU
		{1C9D9872-F79C-4EF5-9BD4-02DB2158E2E1}.Release|Any CPU.ActiveCfg = Release|Any CPU
		{1C9D9872-F79C-4EF5-9BD4-02DB2158E2E1}.Release|Any CPU.Build.0 = Release|Any CPU
		{86859C1D-2977-4790-B0E6-D157599DD086}.Debug|Any CPU.ActiveCfg = Debug|Any CPU
		{86859C1D-2977-4790-B0E6-D157599DD086}.Debug|Any CPU.Build.0 = Debug|Any CPU
		{86859C1D-2977-4790-B0E6-D157599DD086}.Release|Any CPU.ActiveCfg = Release|Any CPU
		{86859C1D-2977-4790-B0E6-D157599DD086}.Release|Any CPU.Build.0 = Release|Any CPU
		{F6A84FA8-A530-4500-8FFF-5DD2DE0B00B1}.Debug|Any CPU.ActiveCfg = Debug|Any CPU
		{F6A84FA8-A530-4500-8FFF-5DD2DE0B00B1}.Debug|Any CPU.Build.0 = Debug|Any CPU
		{F6A84FA8-A530-4500-8FFF-5DD2DE0B00B1}.Release|Any CPU.ActiveCfg = Release|Any CPU
		{F6A84FA8-A530-4500-8FFF-5DD2DE0B00B1}.Release|Any CPU.Build.0 = Release|Any CPU
		{0EBB57A8-1D5F-4C87-BFA6-A8EFAC9CA2E3}.Debug|Any CPU.ActiveCfg = Debug|Any CPU
		{0EBB57A8-1D5F-4C87-BFA6-A8EFAC9CA2E3}.Debug|Any CPU.Build.0 = Debug|Any CPU
		{0EBB57A8-1D5F-4C87-BFA6-A8EFAC9CA2E3}.Release|Any CPU.ActiveCfg = Release|Any CPU
		{0EBB57A8-1D5F-4C87-BFA6-A8EFAC9CA2E3}.Release|Any CPU.Build.0 = Release|Any CPU
		{99349981-32F6-4BC9-B7E1-B3CD53267C81}.Debug|Any CPU.ActiveCfg = Debug|Any CPU
		{99349981-32F6-4BC9-B7E1-B3CD53267C81}.Debug|Any CPU.Build.0 = Debug|Any CPU
		{99349981-32F6-4BC9-B7E1-B3CD53267C81}.Release|Any CPU.ActiveCfg = Release|Any CPU
		{99349981-32F6-4BC9-B7E1-B3CD53267C81}.Release|Any CPU.Build.0 = Release|Any CPU
		{2DB259C0-0D8F-4502-A8C8-05A43DDA716A}.Debug|Any CPU.ActiveCfg = Debug|Any CPU
		{2DB259C0-0D8F-4502-A8C8-05A43DDA716A}.Debug|Any CPU.Build.0 = Debug|Any CPU
		{2DB259C0-0D8F-4502-A8C8-05A43DDA716A}.Release|Any CPU.ActiveCfg = Release|Any CPU
		{2DB259C0-0D8F-4502-A8C8-05A43DDA716A}.Release|Any CPU.Build.0 = Release|Any CPU
		{F8B0C3B6-93F0-4A72-BE9A-EE1A8EEDFA95}.Debug|Any CPU.ActiveCfg = Debug|Any CPU
		{F8B0C3B6-93F0-4A72-BE9A-EE1A8EEDFA95}.Debug|Any CPU.Build.0 = Debug|Any CPU
		{F8B0C3B6-93F0-4A72-BE9A-EE1A8EEDFA95}.Release|Any CPU.ActiveCfg = Release|Any CPU
		{F8B0C3B6-93F0-4A72-BE9A-EE1A8EEDFA95}.Release|Any CPU.Build.0 = Release|Any CPU
		{A034CAB3-E917-4FFC-9E81-CB5CB2E62F56}.Debug|Any CPU.ActiveCfg = Debug|Any CPU
		{A034CAB3-E917-4FFC-9E81-CB5CB2E62F56}.Debug|Any CPU.Build.0 = Debug|Any CPU
		{A034CAB3-E917-4FFC-9E81-CB5CB2E62F56}.Release|Any CPU.ActiveCfg = Release|Any CPU
		{A034CAB3-E917-4FFC-9E81-CB5CB2E62F56}.Release|Any CPU.Build.0 = Release|Any CPU
		{D67C1DFC-835E-49A7-8C84-F641100480B6}.Debug|Any CPU.ActiveCfg = Debug|Any CPU
		{D67C1DFC-835E-49A7-8C84-F641100480B6}.Debug|Any CPU.Build.0 = Debug|Any CPU
		{D67C1DFC-835E-49A7-8C84-F641100480B6}.Release|Any CPU.ActiveCfg = Release|Any CPU
		{D67C1DFC-835E-49A7-8C84-F641100480B6}.Release|Any CPU.Build.0 = Release|Any CPU
		{FA5EC9A1-2B9A-40DB-9078-9DB9592F9359}.Debug|Any CPU.ActiveCfg = Debug|Any CPU
		{FA5EC9A1-2B9A-40DB-9078-9DB9592F9359}.Debug|Any CPU.Build.0 = Debug|Any CPU
		{FA5EC9A1-2B9A-40DB-9078-9DB9592F9359}.Release|Any CPU.ActiveCfg = Release|Any CPU
		{FA5EC9A1-2B9A-40DB-9078-9DB9592F9359}.Release|Any CPU.Build.0 = Release|Any CPU
		{8F0A109B-F126-4344-B276-5EB4B819E283}.Debug|Any CPU.ActiveCfg = Debug|Any CPU
		{8F0A109B-F126-4344-B276-5EB4B819E283}.Debug|Any CPU.Build.0 = Debug|Any CPU
		{8F0A109B-F126-4344-B276-5EB4B819E283}.Release|Any CPU.ActiveCfg = Release|Any CPU
		{8F0A109B-F126-4344-B276-5EB4B819E283}.Release|Any CPU.Build.0 = Release|Any CPU
		{64ED8F47-D39D-4A35-8624-9E97E3CD6790}.Debug|Any CPU.ActiveCfg = Debug|Any CPU
		{64ED8F47-D39D-4A35-8624-9E97E3CD6790}.Debug|Any CPU.Build.0 = Debug|Any CPU
		{64ED8F47-D39D-4A35-8624-9E97E3CD6790}.Release|Any CPU.ActiveCfg = Release|Any CPU
		{64ED8F47-D39D-4A35-8624-9E97E3CD6790}.Release|Any CPU.Build.0 = Release|Any CPU
		{A1ED8EFB-E11D-48CD-B513-B963048DEAD8}.Debug|Any CPU.ActiveCfg = Debug|Any CPU
		{A1ED8EFB-E11D-48CD-B513-B963048DEAD8}.Debug|Any CPU.Build.0 = Debug|Any CPU
		{A1ED8EFB-E11D-48CD-B513-B963048DEAD8}.Release|Any CPU.ActiveCfg = Release|Any CPU
		{A1ED8EFB-E11D-48CD-B513-B963048DEAD8}.Release|Any CPU.Build.0 = Release|Any CPU
		{876849F3-DF92-4D3D-9853-171C7CBEC1B8}.Debug|Any CPU.ActiveCfg = Debug|Any CPU
		{876849F3-DF92-4D3D-9853-171C7CBEC1B8}.Debug|Any CPU.Build.0 = Debug|Any CPU
		{876849F3-DF92-4D3D-9853-171C7CBEC1B8}.Release|Any CPU.ActiveCfg = Release|Any CPU
		{876849F3-DF92-4D3D-9853-171C7CBEC1B8}.Release|Any CPU.Build.0 = Release|Any CPU
		{BA9C66D7-B869-4382-A6E1-1F8F42470247}.Debug|Any CPU.ActiveCfg = Debug|Any CPU
		{BA9C66D7-B869-4382-A6E1-1F8F42470247}.Debug|Any CPU.Build.0 = Debug|Any CPU
		{BA9C66D7-B869-4382-A6E1-1F8F42470247}.Release|Any CPU.ActiveCfg = Release|Any CPU
		{BA9C66D7-B869-4382-A6E1-1F8F42470247}.Release|Any CPU.Build.0 = Release|Any CPU
		{AE99AE2D-5CAA-408B-BDE5-F76019FDC0B5}.Debug|Any CPU.ActiveCfg = Debug|Any CPU
		{AE99AE2D-5CAA-408B-BDE5-F76019FDC0B5}.Debug|Any CPU.Build.0 = Debug|Any CPU
		{AE99AE2D-5CAA-408B-BDE5-F76019FDC0B5}.Release|Any CPU.ActiveCfg = Release|Any CPU
		{AE99AE2D-5CAA-408B-BDE5-F76019FDC0B5}.Release|Any CPU.Build.0 = Release|Any CPU
		{3EE50305-8FB9-42AC-AC67-8F171D57ED08}.Debug|Any CPU.ActiveCfg = Debug|Any CPU
		{3EE50305-8FB9-42AC-AC67-8F171D57ED08}.Debug|Any CPU.Build.0 = Debug|Any CPU
		{3EE50305-8FB9-42AC-AC67-8F171D57ED08}.Release|Any CPU.ActiveCfg = Release|Any CPU
		{3EE50305-8FB9-42AC-AC67-8F171D57ED08}.Release|Any CPU.Build.0 = Release|Any CPU
		{1C74E8AD-3848-4AD1-ADFA-D4A3AF5E12FC}.Debug|Any CPU.ActiveCfg = Debug|Any CPU
		{1C74E8AD-3848-4AD1-ADFA-D4A3AF5E12FC}.Debug|Any CPU.Build.0 = Debug|Any CPU
		{1C74E8AD-3848-4AD1-ADFA-D4A3AF5E12FC}.Release|Any CPU.ActiveCfg = Release|Any CPU
		{1C74E8AD-3848-4AD1-ADFA-D4A3AF5E12FC}.Release|Any CPU.Build.0 = Release|Any CPU
		{04806FB2-0E92-4EF0-9899-9C37E9E8F0D5}.Debug|Any CPU.ActiveCfg = Debug|Any CPU
		{04806FB2-0E92-4EF0-9899-9C37E9E8F0D5}.Debug|Any CPU.Build.0 = Debug|Any CPU
		{04806FB2-0E92-4EF0-9899-9C37E9E8F0D5}.Release|Any CPU.ActiveCfg = Release|Any CPU
		{04806FB2-0E92-4EF0-9899-9C37E9E8F0D5}.Release|Any CPU.Build.0 = Release|Any CPU
		{0F4B15BD-8773-4B44-83CF-541788D74F68}.Debug|Any CPU.ActiveCfg = Debug|Any CPU
		{0F4B15BD-8773-4B44-83CF-541788D74F68}.Debug|Any CPU.Build.0 = Debug|Any CPU
		{0F4B15BD-8773-4B44-83CF-541788D74F68}.Release|Any CPU.ActiveCfg = Release|Any CPU
		{0F4B15BD-8773-4B44-83CF-541788D74F68}.Release|Any CPU.Build.0 = Release|Any CPU
		{F5ACA45D-B37D-48AB-824D-8D29C47709F8}.Debug|Any CPU.ActiveCfg = Debug|Any CPU
		{F5ACA45D-B37D-48AB-824D-8D29C47709F8}.Debug|Any CPU.Build.0 = Debug|Any CPU
		{F5ACA45D-B37D-48AB-824D-8D29C47709F8}.Release|Any CPU.ActiveCfg = Release|Any CPU
		{F5ACA45D-B37D-48AB-824D-8D29C47709F8}.Release|Any CPU.Build.0 = Release|Any CPU
		{78C0C1C7-45EF-4B84-97B6-97CEE6529AA9}.Debug|Any CPU.ActiveCfg = Debug|Any CPU
		{78C0C1C7-45EF-4B84-97B6-97CEE6529AA9}.Debug|Any CPU.Build.0 = Debug|Any CPU
		{78C0C1C7-45EF-4B84-97B6-97CEE6529AA9}.Release|Any CPU.ActiveCfg = Release|Any CPU
		{78C0C1C7-45EF-4B84-97B6-97CEE6529AA9}.Release|Any CPU.Build.0 = Release|Any CPU
		{7760BC12-5CD9-4ED2-A37E-3560DB8F819B}.Debug|Any CPU.ActiveCfg = Debug|Any CPU
		{7760BC12-5CD9-4ED2-A37E-3560DB8F819B}.Debug|Any CPU.Build.0 = Debug|Any CPU
		{7760BC12-5CD9-4ED2-A37E-3560DB8F819B}.Release|Any CPU.ActiveCfg = Release|Any CPU
		{7760BC12-5CD9-4ED2-A37E-3560DB8F819B}.Release|Any CPU.Build.0 = Release|Any CPU
		{8EEB83EF-302F-47FB-945E-2CC2EBD01E9C}.Debug|Any CPU.ActiveCfg = Debug|Any CPU
		{8EEB83EF-302F-47FB-945E-2CC2EBD01E9C}.Debug|Any CPU.Build.0 = Debug|Any CPU
		{8EEB83EF-302F-47FB-945E-2CC2EBD01E9C}.Release|Any CPU.ActiveCfg = Release|Any CPU
		{8EEB83EF-302F-47FB-945E-2CC2EBD01E9C}.Release|Any CPU.Build.0 = Release|Any CPU
	EndGlobalSection
	GlobalSection(SolutionProperties) = preSolution
		HideSolutionNode = FALSE
	EndGlobalSection
	GlobalSection(NestedProjects) = preSolution
		{243312F5-C069-441F-8CA0-0B2533582ED4} = {61FA97CD-7F4E-40CD-A462-F74C157568D6}
		{0D6E5ACA-1F9E-4E46-A4DF-B9C9E32DA9DD} = {243312F5-C069-441F-8CA0-0B2533582ED4}
		{C29548A0-5BE7-4AB1-B720-4EF833CCEBE3} = {243312F5-C069-441F-8CA0-0B2533582ED4}
		{C1B1F912-018C-474D-905E-4ED2266EACE6} = {028D20E0-FAF3-4052-B29D-6CB71C4AE75C}
		{68EFDAB6-8E90-4176-9168-CFDF8FE0687E} = {61FA97CD-7F4E-40CD-A462-F74C157568D6}
		{24A03651-2A7F-4D14-95DF-84E1B302E4C1} = {10AEF144-7A48-4915-B3FB-E0DC948F6FBC}
		{BAA082ED-6F89-4912-9B5C-55FD604EB1E7} = {10AEF144-7A48-4915-B3FB-E0DC948F6FBC}
		{60106EFA-66D8-4913-82CE-30A932211AC1} = {10AEF144-7A48-4915-B3FB-E0DC948F6FBC}
		{6D5A81DA-C0F9-4327-97EF-2EEFFC3742BF} = {10AEF144-7A48-4915-B3FB-E0DC948F6FBC}
		{C13296AF-C022-4EC0-B6A2-EFBAC1C70B62} = {10AEF144-7A48-4915-B3FB-E0DC948F6FBC}
		{78B68D3B-62A6-4616-AA91-BA4D706BDA1B} = {10AEF144-7A48-4915-B3FB-E0DC948F6FBC}
		{028D20E0-FAF3-4052-B29D-6CB71C4AE75C} = {61FA97CD-7F4E-40CD-A462-F74C157568D6}
		{DBE34C6E-3C13-4728-B3E3-67C3B77D076D} = {028D20E0-FAF3-4052-B29D-6CB71C4AE75C}
		{02916515-F7D7-4642-BB09-236BBC579424} = {0D49C4FB-58AD-4B34-AD63-871A4385A417}
		{0D49C4FB-58AD-4B34-AD63-871A4385A417} = {61FA97CD-7F4E-40CD-A462-F74C157568D6}
		{F7F31F75-ED57-496D-8029-D810C9D65F7D} = {243312F5-C069-441F-8CA0-0B2533582ED4}
		{5DFD083D-A56C-414A-BB3A-740FEDADC993} = {D9B3C6E1-5277-46E0-805E-28CF43F63519}
		{1C9D9872-F79C-4EF5-9BD4-02DB2158E2E1} = {1E26AC20-E60A-4101-B8F1-36C768FB57C1}
		{F6A84FA8-A530-4500-8FFF-5DD2DE0B00B1} = {D9B3C6E1-5277-46E0-805E-28CF43F63519}
		{0EBB57A8-1D5F-4C87-BFA6-A8EFAC9CA2E3} = {9C87C710-B3B5-442B-AC04-6572C2E0B5A9}
		{99349981-32F6-4BC9-B7E1-B3CD53267C81} = {9C87C710-B3B5-442B-AC04-6572C2E0B5A9}
		{2DB259C0-0D8F-4502-A8C8-05A43DDA716A} = {9C87C710-B3B5-442B-AC04-6572C2E0B5A9}
		{F8B0C3B6-93F0-4A72-BE9A-EE1A8EEDFA95} = {9C87C710-B3B5-442B-AC04-6572C2E0B5A9}
		{A034CAB3-E917-4FFC-9E81-CB5CB2E62F56} = {9C87C710-B3B5-442B-AC04-6572C2E0B5A9}
		{D67C1DFC-835E-49A7-8C84-F641100480B6} = {D0FF38BA-446C-4158-BC0C-133DB29382BF}
		{FA5EC9A1-2B9A-40DB-9078-9DB9592F9359} = {7C9FF527-80B9-4926-83FE-8C3A00DF66F8}
		{7C9FF527-80B9-4926-83FE-8C3A00DF66F8} = {9C87C710-B3B5-442B-AC04-6572C2E0B5A9}
		{8F0A109B-F126-4344-B276-5EB4B819E283} = {7C9FF527-80B9-4926-83FE-8C3A00DF66F8}
		{4DAEB9D7-1A3E-408F-A464-6DB6445DC55B} = {9C87C710-B3B5-442B-AC04-6572C2E0B5A9}
		{64ED8F47-D39D-4A35-8624-9E97E3CD6790} = {4DAEB9D7-1A3E-408F-A464-6DB6445DC55B}
		{A1ED8EFB-E11D-48CD-B513-B963048DEAD8} = {9C87C710-B3B5-442B-AC04-6572C2E0B5A9}
		{876849F3-DF92-4D3D-9853-171C7CBEC1B8} = {9C87C710-B3B5-442B-AC04-6572C2E0B5A9}
		{BA9C66D7-B869-4382-A6E1-1F8F42470247} = {D9B3C6E1-5277-46E0-805E-28CF43F63519}
		{1E26AC20-E60A-4101-B8F1-36C768FB57C1} = {D9B3C6E1-5277-46E0-805E-28CF43F63519}
		{AE99AE2D-5CAA-408B-BDE5-F76019FDC0B5} = {1E26AC20-E60A-4101-B8F1-36C768FB57C1}
		{3EE50305-8FB9-42AC-AC67-8F171D57ED08} = {D9B3C6E1-5277-46E0-805E-28CF43F63519}
		{1C74E8AD-3848-4AD1-ADFA-D4A3AF5E12FC} = {9C87C710-B3B5-442B-AC04-6572C2E0B5A9}
		{04806FB2-0E92-4EF0-9899-9C37E9E8F0D5} = {9C87C710-B3B5-442B-AC04-6572C2E0B5A9}
		{0F4B15BD-8773-4B44-83CF-541788D74F68} = {9C87C710-B3B5-442B-AC04-6572C2E0B5A9}
		{F5ACA45D-B37D-48AB-824D-8D29C47709F8} = {9C87C710-B3B5-442B-AC04-6572C2E0B5A9}
		{78C0C1C7-45EF-4B84-97B6-97CEE6529AA9} = {9C87C710-B3B5-442B-AC04-6572C2E0B5A9}
		{7760BC12-5CD9-4ED2-A37E-3560DB8F819B} = {A608E77D-FB64-4276-9FFD-E8D9DC7E7E42}
		{8EEB83EF-302F-47FB-945E-2CC2EBD01E9C} = {C7168E24-AB98-41D1-9FFE-9A15043FB1C0}
	EndGlobalSection
	GlobalSection(ExtensibilityGlobals) = postSolution
		SolutionGuid = {11C930E6-50C3-41A3-85BC-C9980F374C50}
	EndGlobalSection
EndGlobal
